// !$*UTF8*$!
{
	archiveVersion = 1;
	classes = {
	};
	objectVersion = 50;
	objects = {

/* Begin PBXBuildFile section */
		C63150AE323BEBFF192D20DF /* Pods_CommonDataModelsKit_iOS.framework in Frameworks */ = {isa = PBXBuildFile; fileRef = C51E6438808EE2203ECFAEBA /* Pods_CommonDataModelsKit_iOS.framework */; };
		E839252E26A0168A00421E15 /* CardTypeEnum.swift in Sources */ = {isa = PBXBuildFile; fileRef = E839252D26A0168A00421E15 /* CardTypeEnum.swift */; };
		E85B5395289F8A0D00362990 /* AddressFormat.swift in Sources */ = {isa = PBXBuildFile; fileRef = E85B5389289F8A0C00362990 /* AddressFormat.swift */; };
		E85B5396289F8A0D00362990 /* URLStatus.swift in Sources */ = {isa = PBXBuildFile; fileRef = E85B538A289F8A0C00362990 /* URLStatus.swift */; };
		E85B5397289F8A0D00362990 /* SourcePaymentType.swift in Sources */ = {isa = PBXBuildFile; fileRef = E85B538B289F8A0C00362990 /* SourcePaymentType.swift */; };
		E85B5398289F8A0D00362990 /* TokenType.swift in Sources */ = {isa = PBXBuildFile; fileRef = E85B538C289F8A0C00362990 /* TokenType.swift */; };
		E85B5399289F8A0D00362990 /* AddressType.swift in Sources */ = {isa = PBXBuildFile; fileRef = E85B538D289F8A0C00362990 /* AddressType.swift */; };
		E85B539A289F8A0D00362990 /* SourceObject.swift in Sources */ = {isa = PBXBuildFile; fileRef = E85B538E289F8A0C00362990 /* SourceObject.swift */; };
		E85B539B289F8A0D00362990 /* SDKMode.swift in Sources */ = {isa = PBXBuildFile; fileRef = E85B538F289F8A0C00362990 /* SDKMode.swift */; };
		E85B539C289F8A0D00362990 /* CardKitErrorType.swift in Sources */ = {isa = PBXBuildFile; fileRef = E85B5390289F8A0C00362990 /* CardKitErrorType.swift */; };
		E85B539D289F8A0D00362990 /* SourceChannel.swift in Sources */ = {isa = PBXBuildFile; fileRef = E85B5391289F8A0C00362990 /* SourceChannel.swift */; };
		E85B539E289F8A0D00362990 /* SourceType.swift in Sources */ = {isa = PBXBuildFile; fileRef = E85B5392289F8A0D00362990 /* SourceType.swift */; };
		E85B539F289F8A0D00362990 /* CardVerificationStatus.swift in Sources */ = {isa = PBXBuildFile; fileRef = E85B5393289F8A0D00362990 /* CardVerificationStatus.swift */; };
		E85B53A0289F8A0D00362990 /* TapNetworkPath.swift in Sources */ = {isa = PBXBuildFile; fileRef = E85B5394289F8A0D00362990 /* TapNetworkPath.swift */; };
		E85B53A6289F8A5A00362990 /* Crypter.swift in Sources */ = {isa = PBXBuildFile; fileRef = E85B53A2289F8A5A00362990 /* Crypter.swift */; };
		E85B53A7289F8A5A00362990 /* ErrorUtils.swift in Sources */ = {isa = PBXBuildFile; fileRef = E85B53A3289F8A5A00362990 /* ErrorUtils.swift */; };
		E85B53A8289F8A5A00362990 /* KeychainManager.swift in Sources */ = {isa = PBXBuildFile; fileRef = E85B53A4289F8A5A00362990 /* KeychainManager.swift */; };
		E85B53A9289F8A5A00362990 /* RSAUtils.swift in Sources */ = {isa = PBXBuildFile; fileRef = E85B53A5289F8A5A00362990 /* RSAUtils.swift */; };
		E85B53AB289F8BAD00362990 /* SharedCommonDataModels.swift in Sources */ = {isa = PBXBuildFile; fileRef = E85B53AA289F8BAD00362990 /* SharedCommonDataModels.swift */; };
		E85B53C6289F8C7E00362990 /* TransactionOrder.swift in Sources */ = {isa = PBXBuildFile; fileRef = E85B53AC289F8C7D00362990 /* TransactionOrder.swift */; };
		E85B53C9289F8C7E00362990 /* TransactionExpiry.swift in Sources */ = {isa = PBXBuildFile; fileRef = E85B53AF289F8C7D00362990 /* TransactionExpiry.swift */; };
		E85B53CA289F8C7E00362990 /* Merchant.swift in Sources */ = {isa = PBXBuildFile; fileRef = E85B53B0289F8C7D00362990 /* Merchant.swift */; };
		E85B53CB289F8C7E00362990 /* TokenizedCard.swift in Sources */ = {isa = PBXBuildFile; fileRef = E85B53B1289F8C7D00362990 /* TokenizedCard.swift */; };
		E85B53CC289F8C7E00362990 /* Permissions.swift in Sources */ = {isa = PBXBuildFile; fileRef = E85B53B2289F8C7D00362990 /* Permissions.swift */; };
		E85B53CD289F8C7E00362990 /* SecretKey.swift in Sources */ = {isa = PBXBuildFile; fileRef = E85B53B3289F8C7D00362990 /* SecretKey.swift */; };
		E85B53CE289F8C7E00362990 /* TransactionDetails.swift in Sources */ = {isa = PBXBuildFile; fileRef = E85B53B4289F8C7D00362990 /* TransactionDetails.swift */; };
		E85B53CF289F8C7E00362990 /* Address.swift in Sources */ = {isa = PBXBuildFile; fileRef = E85B53B5289F8C7D00362990 /* Address.swift */; };
		E85B53D0289F8C7E00362990 /* TapCustomer.swift in Sources */ = {isa = PBXBuildFile; fileRef = E85B53B6289F8C7D00362990 /* TapCustomer.swift */; };
		E85B53D1289F8C7E00362990 /* SavedCard.swift in Sources */ = {isa = PBXBuildFile; fileRef = E85B53B7289F8C7D00362990 /* SavedCard.swift */; };
		E85B53D2289F8C7E00362990 /* CreateTokenCard.swift in Sources */ = {isa = PBXBuildFile; fileRef = E85B53B8289F8C7D00362990 /* CreateTokenCard.swift */; };
		E85B53D3289F8C7E00362990 /* Country.swift in Sources */ = {isa = PBXBuildFile; fileRef = E85B53B9289F8C7D00362990 /* Country.swift */; };
		E85B53D4289F8C7E00362990 /* ApiErrorModel.swift in Sources */ = {isa = PBXBuildFile; fileRef = E85B53BA289F8C7D00362990 /* ApiErrorModel.swift */; };
		E85B53D5289F8C7E00362990 /* InternalSDKSettings.swift in Sources */ = {isa = PBXBuildFile; fileRef = E85B53BB289F8C7D00362990 /* InternalSDKSettings.swift */; };
		E85B53D6289F8C7E00362990 /* Source.swift in Sources */ = {isa = PBXBuildFile; fileRef = E85B53BC289F8C7D00362990 /* Source.swift */; };
		E85B53DA289F8C7E00362990 /* ExpirationDate.swift in Sources */ = {isa = PBXBuildFile; fileRef = E85B53C0289F8C7E00362990 /* ExpirationDate.swift */; };
		E85B53DB289F8C7E00362990 /* SourceRequest.swift in Sources */ = {isa = PBXBuildFile; fileRef = E85B53C1289F8C7E00362990 /* SourceRequest.swift */; };
		E85B53DC289F8C7E00362990 /* TrackingURL.swift in Sources */ = {isa = PBXBuildFile; fileRef = E85B53C2289F8C7E00362990 /* TrackingURL.swift */; };
		E85B53DD289F8C7E00362990 /* Token.swift in Sources */ = {isa = PBXBuildFile; fileRef = E85B53C3289F8C7E00362990 /* Token.swift */; };
		E85B53F5289F946700362990 /* CardScheme.swift in Sources */ = {isa = PBXBuildFile; fileRef = E85B53E2289F946600362990 /* CardScheme.swift */; };
		E85B53F6289F946700362990 /* TapBinResponseModel.swift in Sources */ = {isa = PBXBuildFile; fileRef = E85B53E3289F946600362990 /* TapBinResponseModel.swift */; };
		E85B53F7289F946700362990 /* TapCreateCardVerificationRequestModel.swift in Sources */ = {isa = PBXBuildFile; fileRef = E85B53E5289F946700362990 /* TapCreateCardVerificationRequestModel.swift */; };
		E85B53F8289F946700362990 /* TapAuthenticationRequest.swift in Sources */ = {isa = PBXBuildFile; fileRef = E85B53E6289F946700362990 /* TapAuthenticationRequest.swift */; };
		E85B53F9289F946700362990 /* TapCreateCardVerificationResponseModel.swift in Sources */ = {isa = PBXBuildFile; fileRef = E85B53E7289F946700362990 /* TapCreateCardVerificationResponseModel.swift */; };
		E85B53FB289F946700362990 /* SDKSettings.swift in Sources */ = {isa = PBXBuildFile; fileRef = E85B53EB289F946700362990 /* SDKSettings.swift */; };
		E85B53FC289F946700362990 /* TapPaymentOption.swift in Sources */ = {isa = PBXBuildFile; fileRef = E85B53EC289F946700362990 /* TapPaymentOption.swift */; };
		E85B53FD289F946700362990 /* Gateway.swift in Sources */ = {isa = PBXBuildFile; fileRef = E85B53EE289F946700362990 /* Gateway.swift */; };
		E85B53FE289F946700362990 /* Config.swift in Sources */ = {isa = PBXBuildFile; fileRef = E85B53EF289F946700362990 /* Config.swift */; };
		E85B53FF289F946700362990 /* TapConfigRequestModel.swift in Sources */ = {isa = PBXBuildFile; fileRef = E85B53F0289F946700362990 /* TapConfigRequestModel.swift */; };
		E85B5400289F946700362990 /* TapConfigResponseModel.swift in Sources */ = {isa = PBXBuildFile; fileRef = E85B53F1289F946700362990 /* TapConfigResponseModel.swift */; };
		E85B5401289F946700362990 /* TapCreateTokenRequest.swift in Sources */ = {isa = PBXBuildFile; fileRef = E85B53F3289F946700362990 /* TapCreateTokenRequest.swift */; };
		E85B5402289F946700362990 /* TapCreateTokenWithCardDataRequest.swift in Sources */ = {isa = PBXBuildFile; fileRef = E85B53F4289F946700362990 /* TapCreateTokenWithCardDataRequest.swift */; };
		E85B5508289FB45000362990 /* CreateTokenSavedCard.swift in Sources */ = {isa = PBXBuildFile; fileRef = E85B54F4289FB44F00362990 /* CreateTokenSavedCard.swift */; };
		E85B5509289FB45000362990 /* Charge.swift in Sources */ = {isa = PBXBuildFile; fileRef = E85B54F5289FB44F00362990 /* Charge.swift */; };
		E85B550A289FB45000362990 /* Reference.swift in Sources */ = {isa = PBXBuildFile; fileRef = E85B54F6289FB44F00362990 /* Reference.swift */; };
		E85B550C289FB45000362990 /* TapLoggingModel.swift in Sources */ = {isa = PBXBuildFile; fileRef = E85B54F8289FB44F00362990 /* TapLoggingModel.swift */; };
		E85B550F289FB45000362990 /* Acquirer.swift in Sources */ = {isa = PBXBuildFile; fileRef = E85B54FB289FB44F00362990 /* Acquirer.swift */; };
		E85B5510289FB45000362990 /* ExtraFee.swift in Sources */ = {isa = PBXBuildFile; fileRef = E85B54FC289FB44F00362990 /* ExtraFee.swift */; };
		E85B5511289FB45000362990 /* Order.swift in Sources */ = {isa = PBXBuildFile; fileRef = E85B54FD289FB44F00362990 /* Order.swift */; };
		E85B5512289FB45000362990 /* AuthorizeActionResponse.swift in Sources */ = {isa = PBXBuildFile; fileRef = E85B54FE289FB44F00362990 /* AuthorizeActionResponse.swift */; };
		E85B5513289FB45000362990 /* Destination.swift in Sources */ = {isa = PBXBuildFile; fileRef = E85B54FF289FB45000362990 /* Destination.swift */; };
		E85B5514289FB45000362990 /* AuthorizeAction.swift in Sources */ = {isa = PBXBuildFile; fileRef = E85B5500289FB45000362990 /* AuthorizeAction.swift */; };
		E85B5515289FB45000362990 /* Response.swift in Sources */ = {isa = PBXBuildFile; fileRef = E85B5501289FB45000362990 /* Response.swift */; };
		E85B5517289FB45000362990 /* Receipt.swift in Sources */ = {isa = PBXBuildFile; fileRef = E85B5503289FB45000362990 /* Receipt.swift */; };
		E85B5518289FB45100362990 /* Transfer.swift in Sources */ = {isa = PBXBuildFile; fileRef = E85B5504289FB45000362990 /* Transfer.swift */; };
		E85B5519289FB45100362990 /* Authentication.swift in Sources */ = {isa = PBXBuildFile; fileRef = E85B5505289FB45000362990 /* Authentication.swift */; };
		E85B551A289FB45100362990 /* Authorize.swift in Sources */ = {isa = PBXBuildFile; fileRef = E85B5506289FB45000362990 /* Authorize.swift */; };
		E85B551B289FB45100362990 /* DestinationGroup.swift in Sources */ = {isa = PBXBuildFile; fileRef = E85B5507289FB45000362990 /* DestinationGroup.swift */; };
		E85B551D289FB56300362990 /* ChargeStatus.swift in Sources */ = {isa = PBXBuildFile; fileRef = E85B551C289FB56300362990 /* ChargeStatus.swift */; };
		E85B5523289FB5CF00362990 /* AuthorizeActionType.swift in Sources */ = {isa = PBXBuildFile; fileRef = E85B551E289FB5CF00362990 /* AuthorizeActionType.swift */; };
		E85B5524289FB5CF00362990 /* AuthenticationStatus.swift in Sources */ = {isa = PBXBuildFile; fileRef = E85B551F289FB5CF00362990 /* AuthenticationStatus.swift */; };
		E85B5525289FB5CF00362990 /* AuthenticationType.swift in Sources */ = {isa = PBXBuildFile; fileRef = E85B5520289FB5CF00362990 /* AuthenticationType.swift */; };
		E85B5526289FB5CF00362990 /* TapCheckoutFlipStatus.swift in Sources */ = {isa = PBXBuildFile; fileRef = E85B5521289FB5CF00362990 /* TapCheckoutFlipStatus.swift */; };
		E85B5527289FB5CF00362990 /* AuthenticationRequirer.swift in Sources */ = {isa = PBXBuildFile; fileRef = E85B5522289FB5CF00362990 /* AuthenticationRequirer.swift */; };
		E85B5533289FB73900362990 /* TapPaymentOptionsReponseModel.swift in Sources */ = {isa = PBXBuildFile; fileRef = E85B552B289FB73900362990 /* TapPaymentOptionsReponseModel.swift */; };
		E85B5534289FB73900362990 /* TapPaymentOptionsRequestModel.swift in Sources */ = {isa = PBXBuildFile; fileRef = E85B552C289FB73900362990 /* TapPaymentOptionsRequestModel.swift */; };
		E85B5535289FB73900362990 /* TapAuthorizeRequestModel.swift in Sources */ = {isa = PBXBuildFile; fileRef = E85B552E289FB73900362990 /* TapAuthorizeRequestModel.swift */; };
		E85B5536289FB73900362990 /* TapDeleteSavedCardResponseModel.swift in Sources */ = {isa = PBXBuildFile; fileRef = E85B5530289FB73900362990 /* TapDeleteSavedCardResponseModel.swift */; };
		E85B5537289FB73900362990 /* TapChargeRequestModel.swift in Sources */ = {isa = PBXBuildFile; fileRef = E85B5532289FB73900362990 /* TapChargeRequestModel.swift */; };
		E85B553D289FD5F200362990 /* AuthorizeActionStatus.swift in Sources */ = {isa = PBXBuildFile; fileRef = E85B553C289FD5F200362990 /* AuthorizeActionStatus.swift */; };
		E8798861245EDD1D00D643A2 /* DefaultTapLocalisation.json in Resources */ = {isa = PBXBuildFile; fileRef = E8798860245EDD1D00D643A2 /* DefaultTapLocalisation.json */; };
		E8798865245EDDA400D643A2 /* TapCommonConstants.swift in Sources */ = {isa = PBXBuildFile; fileRef = E8798864245EDDA400D643A2 /* TapCommonConstants.swift */; };
		E8844BC32676096B0073D777 /* Shipping.swift in Sources */ = {isa = PBXBuildFile; fileRef = E8844BC22676096B0073D777 /* Shipping.swift */; };
		E8844BCA267617260073D777 /* ItemModel.swift in Sources */ = {isa = PBXBuildFile; fileRef = E8844BC8267617260073D777 /* ItemModel.swift */; };
		E8844BCB267617260073D777 /* AmountModificatorModel.swift in Sources */ = {isa = PBXBuildFile; fileRef = E8844BC9267617260073D777 /* AmountModificatorModel.swift */; };
		E8844BD1267617F40073D777 /* AmountMoficiationType.swift in Sources */ = {isa = PBXBuildFile; fileRef = E8844BD0267617F40073D777 /* AmountMoficiationType.swift */; };
		E8844BD42676199D0073D777 /* Tax.swift in Sources */ = {isa = PBXBuildFile; fileRef = E8844BD32676199D0073D777 /* Tax.swift */; };
		E8844D31267750E20073D777 /* ErrorCode.swift in Sources */ = {isa = PBXBuildFile; fileRef = E8844D2F267750E20073D777 /* ErrorCode.swift */; };
		E8844D32267750E20073D777 /* TapSDKErrorType.swift in Sources */ = {isa = PBXBuildFile; fileRef = E8844D30267750E20073D777 /* TapSDKErrorType.swift */; };
		E8844D412677516F0073D777 /* TapSDKKnownError.swift in Sources */ = {isa = PBXBuildFile; fileRef = E8844D342677516F0073D777 /* TapSDKKnownError.swift */; };
		E8844D422677516F0073D777 /* ErrorDetail.swift in Sources */ = {isa = PBXBuildFile; fileRef = E8844D352677516F0073D777 /* ErrorDetail.swift */; };
		E8844D452677516F0073D777 /* APIError.swift in Sources */ = {isa = PBXBuildFile; fileRef = E8844D392677516F0073D777 /* APIError.swift */; };
		E8844D482677516F0073D777 /* TapSDKAPIError.swift in Sources */ = {isa = PBXBuildFile; fileRef = E8844D3C2677516F0073D777 /* TapSDKAPIError.swift */; };
		E8844D492677516F0073D777 /* TapSDKError.swift in Sources */ = {isa = PBXBuildFile; fileRef = E8844D3D2677516F0073D777 /* TapSDKError.swift */; };
		E8844D4B2677516F0073D777 /* TapSDKUnknownError.swift in Sources */ = {isa = PBXBuildFile; fileRef = E8844D3F2677516F0073D777 /* TapSDKUnknownError.swift */; };
		E8844D5F267753770073D777 /* TapPhone.swift in Sources */ = {isa = PBXBuildFile; fileRef = E8844D5C267753770073D777 /* TapPhone.swift */; };
		E8844D60267753770073D777 /* TapEmailAddress.swift in Sources */ = {isa = PBXBuildFile; fileRef = E8844D5D267753770073D777 /* TapEmailAddress.swift */; };
		E8844D61267753770073D777 /* TapMetaData.swift in Sources */ = {isa = PBXBuildFile; fileRef = E8844D5E267753770073D777 /* TapMetaData.swift */; };
		E8844D662677538A0073D777 /* ExtensionProtocols.swift in Sources */ = {isa = PBXBuildFile; fileRef = E8844D642677538A0073D777 /* ExtensionProtocols.swift */; };
		E8844D6D267753B20073D777 /* TapPaymentType.swift in Sources */ = {isa = PBXBuildFile; fileRef = E8844D68267753B20073D777 /* TapPaymentType.swift */; };
		E8844D6E267753B20073D777 /* cardType.swift in Sources */ = {isa = PBXBuildFile; fileRef = E8844D69267753B20073D777 /* cardType.swift */; };
		E8844D70267753B20073D777 /* AuthorizeActionType.swift in Sources */ = {isa = PBXBuildFile; fileRef = E8844D6B267753B20073D777 /* AuthorizeActionType.swift */; };
		E8844D71267753B20073D777 /* TransactionMode.swift in Sources */ = {isa = PBXBuildFile; fileRef = E8844D6C267753B20073D777 /* TransactionMode.swift */; };
		E8844FA92679C34C0073D777 /* QuantityModel.swift in Sources */ = {isa = PBXBuildFile; fileRef = E8844FA82679C34C0073D777 /* QuantityModel.swift */; };
		E8844FB72679C3870073D777 /* _ObjCMeasurement.swift in Sources */ = {isa = PBXBuildFile; fileRef = E8844FAC2679C3870073D777 /* _ObjCMeasurement.swift */; };
		E8844FB82679C3870073D777 /* Power.swift in Sources */ = {isa = PBXBuildFile; fileRef = E8844FAD2679C3870073D777 /* Power.swift */; };
		E8844FB92679C3870073D777 /* Length.swift in Sources */ = {isa = PBXBuildFile; fileRef = E8844FAE2679C3870073D777 /* Length.swift */; };
		E8844FBA2679C3870073D777 /* Measurement.swift in Sources */ = {isa = PBXBuildFile; fileRef = E8844FAF2679C3870073D777 /* Measurement.swift */; };
		E8844FBB2679C3870073D777 /* ElectricCharge.swift in Sources */ = {isa = PBXBuildFile; fileRef = E8844FB02679C3870073D777 /* ElectricCharge.swift */; };
		E8844FBC2679C3870073D777 /* Energy.swift in Sources */ = {isa = PBXBuildFile; fileRef = E8844FB12679C3870073D777 /* Energy.swift */; };
		E8844FBD2679C3870073D777 /* Area.swift in Sources */ = {isa = PBXBuildFile; fileRef = E8844FB22679C3870073D777 /* Area.swift */; };
		E8844FBE2679C3870073D777 /* Mass.swift in Sources */ = {isa = PBXBuildFile; fileRef = E8844FB32679C3870073D777 /* Mass.swift */; };
		E8844FBF2679C3870073D777 /* Volume.swift in Sources */ = {isa = PBXBuildFile; fileRef = E8844FB42679C3870073D777 /* Volume.swift */; };
		E8844FC02679C3870073D777 /* ElectricCurrent.swift in Sources */ = {isa = PBXBuildFile; fileRef = E8844FB52679C3870073D777 /* ElectricCurrent.swift */; };
		E8844FC12679C3870073D777 /* Duration.swift in Sources */ = {isa = PBXBuildFile; fileRef = E8844FB62679C3870073D777 /* Duration.swift */; };
		E8845109267B44740073D777 /* AmountedCurrency.swift in Sources */ = {isa = PBXBuildFile; fileRef = E8845108267B44740073D777 /* AmountedCurrency.swift */; };
		E8B8CB852442E0730060E0F3 /* CommonDataModelsKit_iOS.h in Headers */ = {isa = PBXBuildFile; fileRef = E8B8CB832442E0730060E0F3 /* CommonDataModelsKit_iOS.h */; settings = {ATTRIBUTES = (Public, ); }; };
		E8B8CB902442E0990060E0F3 /* TapCurrencyCode.swift in Sources */ = {isa = PBXBuildFile; fileRef = E8B8CB8E2442E0990060E0F3 /* TapCurrencyCode.swift */; };
		E8B8CB912442E0990060E0F3 /* TapCountryCode.swift in Sources */ = {isa = PBXBuildFile; fileRef = E8B8CB8F2442E0990060E0F3 /* TapCountryCode.swift */; };
		E8B8CB932442E09F0060E0F3 /* TapCard.swift in Sources */ = {isa = PBXBuildFile; fileRef = E8B8CB922442E09F0060E0F3 /* TapCard.swift */; };
		E8BE3FA224B58E7500F15C41 /* TapCountry.swift in Sources */ = {isa = PBXBuildFile; fileRef = E8BE3FA124B58E7500F15C41 /* TapCountry.swift */; };
		E8C590952491FDB900E03424 /* MerchantModel.swift in Sources */ = {isa = PBXBuildFile; fileRef = E8C590942491FDB900E03424 /* MerchantModel.swift */; };
		E8C590EA24920D5600E03424 /* String.swift in Sources */ = {isa = PBXBuildFile; fileRef = E8C590E924920D5600E03424 /* String.swift */; };
		E8C590EC24920D7000E03424 /* TapCurrencyLocale.swift in Sources */ = {isa = PBXBuildFile; fileRef = E8C590EB24920D7000E03424 /* TapCurrencyLocale.swift */; };
		E8C590EE24920DB200E03424 /* TapAmountedCurrencyFormatter.swift in Sources */ = {isa = PBXBuildFile; fileRef = E8C590ED24920DB200E03424 /* TapAmountedCurrencyFormatter.swift */; };
/* End PBXBuildFile section */

/* Begin PBXFileReference section */
		2306CFDD70A45C1F67010D89 /* Pods-CommonDataModelsKit-iOS.debug.xcconfig */ = {isa = PBXFileReference; includeInIndex = 1; lastKnownFileType = text.xcconfig; name = "Pods-CommonDataModelsKit-iOS.debug.xcconfig"; path = "Target Support Files/Pods-CommonDataModelsKit-iOS/Pods-CommonDataModelsKit-iOS.debug.xcconfig"; sourceTree = "<group>"; };
		73F459408BDF9D842EDC8FF0 /* Pods-CommonDataModelsKit-iOS.release.xcconfig */ = {isa = PBXFileReference; includeInIndex = 1; lastKnownFileType = text.xcconfig; name = "Pods-CommonDataModelsKit-iOS.release.xcconfig"; path = "Target Support Files/Pods-CommonDataModelsKit-iOS/Pods-CommonDataModelsKit-iOS.release.xcconfig"; sourceTree = "<group>"; };
		C51E6438808EE2203ECFAEBA /* Pods_CommonDataModelsKit_iOS.framework */ = {isa = PBXFileReference; explicitFileType = wrapper.framework; includeInIndex = 0; path = Pods_CommonDataModelsKit_iOS.framework; sourceTree = BUILT_PRODUCTS_DIR; };
		E839252D26A0168A00421E15 /* CardTypeEnum.swift */ = {isa = PBXFileReference; lastKnownFileType = sourcecode.swift; path = CardTypeEnum.swift; sourceTree = "<group>"; };
		E85B5389289F8A0C00362990 /* AddressFormat.swift */ = {isa = PBXFileReference; fileEncoding = 4; lastKnownFileType = sourcecode.swift; path = AddressFormat.swift; sourceTree = "<group>"; };
		E85B538A289F8A0C00362990 /* URLStatus.swift */ = {isa = PBXFileReference; fileEncoding = 4; lastKnownFileType = sourcecode.swift; path = URLStatus.swift; sourceTree = "<group>"; };
		E85B538B289F8A0C00362990 /* SourcePaymentType.swift */ = {isa = PBXFileReference; fileEncoding = 4; lastKnownFileType = sourcecode.swift; path = SourcePaymentType.swift; sourceTree = "<group>"; };
		E85B538C289F8A0C00362990 /* TokenType.swift */ = {isa = PBXFileReference; fileEncoding = 4; lastKnownFileType = sourcecode.swift; path = TokenType.swift; sourceTree = "<group>"; };
		E85B538D289F8A0C00362990 /* AddressType.swift */ = {isa = PBXFileReference; fileEncoding = 4; lastKnownFileType = sourcecode.swift; path = AddressType.swift; sourceTree = "<group>"; };
		E85B538E289F8A0C00362990 /* SourceObject.swift */ = {isa = PBXFileReference; fileEncoding = 4; lastKnownFileType = sourcecode.swift; path = SourceObject.swift; sourceTree = "<group>"; };
		E85B538F289F8A0C00362990 /* SDKMode.swift */ = {isa = PBXFileReference; fileEncoding = 4; lastKnownFileType = sourcecode.swift; path = SDKMode.swift; sourceTree = "<group>"; };
		E85B5390289F8A0C00362990 /* CardKitErrorType.swift */ = {isa = PBXFileReference; fileEncoding = 4; lastKnownFileType = sourcecode.swift; path = CardKitErrorType.swift; sourceTree = "<group>"; };
		E85B5391289F8A0C00362990 /* SourceChannel.swift */ = {isa = PBXFileReference; fileEncoding = 4; lastKnownFileType = sourcecode.swift; path = SourceChannel.swift; sourceTree = "<group>"; };
		E85B5392289F8A0D00362990 /* SourceType.swift */ = {isa = PBXFileReference; fileEncoding = 4; lastKnownFileType = sourcecode.swift; path = SourceType.swift; sourceTree = "<group>"; };
		E85B5393289F8A0D00362990 /* CardVerificationStatus.swift */ = {isa = PBXFileReference; fileEncoding = 4; lastKnownFileType = sourcecode.swift; path = CardVerificationStatus.swift; sourceTree = "<group>"; };
		E85B5394289F8A0D00362990 /* TapNetworkPath.swift */ = {isa = PBXFileReference; fileEncoding = 4; lastKnownFileType = sourcecode.swift; path = TapNetworkPath.swift; sourceTree = "<group>"; };
		E85B53A2289F8A5A00362990 /* Crypter.swift */ = {isa = PBXFileReference; fileEncoding = 4; lastKnownFileType = sourcecode.swift; path = Crypter.swift; sourceTree = "<group>"; };
		E85B53A3289F8A5A00362990 /* ErrorUtils.swift */ = {isa = PBXFileReference; fileEncoding = 4; lastKnownFileType = sourcecode.swift; path = ErrorUtils.swift; sourceTree = "<group>"; };
		E85B53A4289F8A5A00362990 /* KeychainManager.swift */ = {isa = PBXFileReference; fileEncoding = 4; lastKnownFileType = sourcecode.swift; path = KeychainManager.swift; sourceTree = "<group>"; };
		E85B53A5289F8A5A00362990 /* RSAUtils.swift */ = {isa = PBXFileReference; fileEncoding = 4; lastKnownFileType = sourcecode.swift; path = RSAUtils.swift; sourceTree = "<group>"; };
		E85B53AA289F8BAD00362990 /* SharedCommonDataModels.swift */ = {isa = PBXFileReference; lastKnownFileType = sourcecode.swift; path = SharedCommonDataModels.swift; sourceTree = "<group>"; };
		E85B53AC289F8C7D00362990 /* TransactionOrder.swift */ = {isa = PBXFileReference; fileEncoding = 4; lastKnownFileType = sourcecode.swift; path = TransactionOrder.swift; sourceTree = "<group>"; };
		E85B53AF289F8C7D00362990 /* TransactionExpiry.swift */ = {isa = PBXFileReference; fileEncoding = 4; lastKnownFileType = sourcecode.swift; path = TransactionExpiry.swift; sourceTree = "<group>"; };
		E85B53B0289F8C7D00362990 /* Merchant.swift */ = {isa = PBXFileReference; fileEncoding = 4; lastKnownFileType = sourcecode.swift; path = Merchant.swift; sourceTree = "<group>"; };
		E85B53B1289F8C7D00362990 /* TokenizedCard.swift */ = {isa = PBXFileReference; fileEncoding = 4; lastKnownFileType = sourcecode.swift; path = TokenizedCard.swift; sourceTree = "<group>"; };
		E85B53B2289F8C7D00362990 /* Permissions.swift */ = {isa = PBXFileReference; fileEncoding = 4; lastKnownFileType = sourcecode.swift; path = Permissions.swift; sourceTree = "<group>"; };
		E85B53B3289F8C7D00362990 /* SecretKey.swift */ = {isa = PBXFileReference; fileEncoding = 4; lastKnownFileType = sourcecode.swift; path = SecretKey.swift; sourceTree = "<group>"; };
		E85B53B4289F8C7D00362990 /* TransactionDetails.swift */ = {isa = PBXFileReference; fileEncoding = 4; lastKnownFileType = sourcecode.swift; path = TransactionDetails.swift; sourceTree = "<group>"; };
		E85B53B5289F8C7D00362990 /* Address.swift */ = {isa = PBXFileReference; fileEncoding = 4; lastKnownFileType = sourcecode.swift; path = Address.swift; sourceTree = "<group>"; };
		E85B53B6289F8C7D00362990 /* TapCustomer.swift */ = {isa = PBXFileReference; fileEncoding = 4; lastKnownFileType = sourcecode.swift; path = TapCustomer.swift; sourceTree = "<group>"; };
		E85B53B7289F8C7D00362990 /* SavedCard.swift */ = {isa = PBXFileReference; fileEncoding = 4; lastKnownFileType = sourcecode.swift; path = SavedCard.swift; sourceTree = "<group>"; };
		E85B53B8289F8C7D00362990 /* CreateTokenCard.swift */ = {isa = PBXFileReference; fileEncoding = 4; lastKnownFileType = sourcecode.swift; path = CreateTokenCard.swift; sourceTree = "<group>"; };
		E85B53B9289F8C7D00362990 /* Country.swift */ = {isa = PBXFileReference; fileEncoding = 4; lastKnownFileType = sourcecode.swift; path = Country.swift; sourceTree = "<group>"; };
		E85B53BA289F8C7D00362990 /* ApiErrorModel.swift */ = {isa = PBXFileReference; fileEncoding = 4; lastKnownFileType = sourcecode.swift; path = ApiErrorModel.swift; sourceTree = "<group>"; };
		E85B53BB289F8C7D00362990 /* InternalSDKSettings.swift */ = {isa = PBXFileReference; fileEncoding = 4; lastKnownFileType = sourcecode.swift; path = InternalSDKSettings.swift; sourceTree = "<group>"; };
		E85B53BC289F8C7D00362990 /* Source.swift */ = {isa = PBXFileReference; fileEncoding = 4; lastKnownFileType = sourcecode.swift; path = Source.swift; sourceTree = "<group>"; };
		E85B53C0289F8C7E00362990 /* ExpirationDate.swift */ = {isa = PBXFileReference; fileEncoding = 4; lastKnownFileType = sourcecode.swift; path = ExpirationDate.swift; sourceTree = "<group>"; };
		E85B53C1289F8C7E00362990 /* SourceRequest.swift */ = {isa = PBXFileReference; fileEncoding = 4; lastKnownFileType = sourcecode.swift; path = SourceRequest.swift; sourceTree = "<group>"; };
		E85B53C2289F8C7E00362990 /* TrackingURL.swift */ = {isa = PBXFileReference; fileEncoding = 4; lastKnownFileType = sourcecode.swift; path = TrackingURL.swift; sourceTree = "<group>"; };
		E85B53C3289F8C7E00362990 /* Token.swift */ = {isa = PBXFileReference; fileEncoding = 4; lastKnownFileType = sourcecode.swift; path = Token.swift; sourceTree = "<group>"; };
		E85B53E2289F946600362990 /* CardScheme.swift */ = {isa = PBXFileReference; fileEncoding = 4; lastKnownFileType = sourcecode.swift; path = CardScheme.swift; sourceTree = "<group>"; };
		E85B53E3289F946600362990 /* TapBinResponseModel.swift */ = {isa = PBXFileReference; fileEncoding = 4; lastKnownFileType = sourcecode.swift; path = TapBinResponseModel.swift; sourceTree = "<group>"; };
		E85B53E5289F946700362990 /* TapCreateCardVerificationRequestModel.swift */ = {isa = PBXFileReference; fileEncoding = 4; lastKnownFileType = sourcecode.swift; path = TapCreateCardVerificationRequestModel.swift; sourceTree = "<group>"; };
		E85B53E6289F946700362990 /* TapAuthenticationRequest.swift */ = {isa = PBXFileReference; fileEncoding = 4; lastKnownFileType = sourcecode.swift; path = TapAuthenticationRequest.swift; sourceTree = "<group>"; };
		E85B53E7289F946700362990 /* TapCreateCardVerificationResponseModel.swift */ = {isa = PBXFileReference; fileEncoding = 4; lastKnownFileType = sourcecode.swift; path = TapCreateCardVerificationResponseModel.swift; sourceTree = "<group>"; };
		E85B53EB289F946700362990 /* SDKSettings.swift */ = {isa = PBXFileReference; fileEncoding = 4; lastKnownFileType = sourcecode.swift; path = SDKSettings.swift; sourceTree = "<group>"; };
		E85B53EC289F946700362990 /* TapPaymentOption.swift */ = {isa = PBXFileReference; fileEncoding = 4; lastKnownFileType = sourcecode.swift; path = TapPaymentOption.swift; sourceTree = "<group>"; };
		E85B53EE289F946700362990 /* Gateway.swift */ = {isa = PBXFileReference; fileEncoding = 4; lastKnownFileType = sourcecode.swift; path = Gateway.swift; sourceTree = "<group>"; };
		E85B53EF289F946700362990 /* Config.swift */ = {isa = PBXFileReference; fileEncoding = 4; lastKnownFileType = sourcecode.swift; path = Config.swift; sourceTree = "<group>"; };
		E85B53F0289F946700362990 /* TapConfigRequestModel.swift */ = {isa = PBXFileReference; fileEncoding = 4; lastKnownFileType = sourcecode.swift; path = TapConfigRequestModel.swift; sourceTree = "<group>"; };
		E85B53F1289F946700362990 /* TapConfigResponseModel.swift */ = {isa = PBXFileReference; fileEncoding = 4; lastKnownFileType = sourcecode.swift; path = TapConfigResponseModel.swift; sourceTree = "<group>"; };
		E85B53F3289F946700362990 /* TapCreateTokenRequest.swift */ = {isa = PBXFileReference; fileEncoding = 4; lastKnownFileType = sourcecode.swift; path = TapCreateTokenRequest.swift; sourceTree = "<group>"; };
		E85B53F4289F946700362990 /* TapCreateTokenWithCardDataRequest.swift */ = {isa = PBXFileReference; fileEncoding = 4; lastKnownFileType = sourcecode.swift; path = TapCreateTokenWithCardDataRequest.swift; sourceTree = "<group>"; };
		E85B54F4289FB44F00362990 /* CreateTokenSavedCard.swift */ = {isa = PBXFileReference; fileEncoding = 4; lastKnownFileType = sourcecode.swift; path = CreateTokenSavedCard.swift; sourceTree = "<group>"; };
		E85B54F5289FB44F00362990 /* Charge.swift */ = {isa = PBXFileReference; fileEncoding = 4; lastKnownFileType = sourcecode.swift; path = Charge.swift; sourceTree = "<group>"; };
		E85B54F6289FB44F00362990 /* Reference.swift */ = {isa = PBXFileReference; fileEncoding = 4; lastKnownFileType = sourcecode.swift; path = Reference.swift; sourceTree = "<group>"; };
		E85B54F8289FB44F00362990 /* TapLoggingModel.swift */ = {isa = PBXFileReference; fileEncoding = 4; lastKnownFileType = sourcecode.swift; path = TapLoggingModel.swift; sourceTree = "<group>"; };
		E85B54FB289FB44F00362990 /* Acquirer.swift */ = {isa = PBXFileReference; fileEncoding = 4; lastKnownFileType = sourcecode.swift; path = Acquirer.swift; sourceTree = "<group>"; };
		E85B54FC289FB44F00362990 /* ExtraFee.swift */ = {isa = PBXFileReference; fileEncoding = 4; lastKnownFileType = sourcecode.swift; path = ExtraFee.swift; sourceTree = "<group>"; };
		E85B54FD289FB44F00362990 /* Order.swift */ = {isa = PBXFileReference; fileEncoding = 4; lastKnownFileType = sourcecode.swift; path = Order.swift; sourceTree = "<group>"; };
		E85B54FE289FB44F00362990 /* AuthorizeActionResponse.swift */ = {isa = PBXFileReference; fileEncoding = 4; lastKnownFileType = sourcecode.swift; path = AuthorizeActionResponse.swift; sourceTree = "<group>"; };
		E85B54FF289FB45000362990 /* Destination.swift */ = {isa = PBXFileReference; fileEncoding = 4; lastKnownFileType = sourcecode.swift; path = Destination.swift; sourceTree = "<group>"; };
		E85B5500289FB45000362990 /* AuthorizeAction.swift */ = {isa = PBXFileReference; fileEncoding = 4; lastKnownFileType = sourcecode.swift; path = AuthorizeAction.swift; sourceTree = "<group>"; };
		E85B5501289FB45000362990 /* Response.swift */ = {isa = PBXFileReference; fileEncoding = 4; lastKnownFileType = sourcecode.swift; path = Response.swift; sourceTree = "<group>"; };
		E85B5503289FB45000362990 /* Receipt.swift */ = {isa = PBXFileReference; fileEncoding = 4; lastKnownFileType = sourcecode.swift; path = Receipt.swift; sourceTree = "<group>"; };
		E85B5504289FB45000362990 /* Transfer.swift */ = {isa = PBXFileReference; fileEncoding = 4; lastKnownFileType = sourcecode.swift; path = Transfer.swift; sourceTree = "<group>"; };
		E85B5505289FB45000362990 /* Authentication.swift */ = {isa = PBXFileReference; fileEncoding = 4; lastKnownFileType = sourcecode.swift; path = Authentication.swift; sourceTree = "<group>"; };
		E85B5506289FB45000362990 /* Authorize.swift */ = {isa = PBXFileReference; fileEncoding = 4; lastKnownFileType = sourcecode.swift; path = Authorize.swift; sourceTree = "<group>"; };
		E85B5507289FB45000362990 /* DestinationGroup.swift */ = {isa = PBXFileReference; fileEncoding = 4; lastKnownFileType = sourcecode.swift; path = DestinationGroup.swift; sourceTree = "<group>"; };
		E85B551C289FB56300362990 /* ChargeStatus.swift */ = {isa = PBXFileReference; fileEncoding = 4; lastKnownFileType = sourcecode.swift; path = ChargeStatus.swift; sourceTree = "<group>"; };
		E85B551E289FB5CF00362990 /* AuthorizeActionType.swift */ = {isa = PBXFileReference; fileEncoding = 4; lastKnownFileType = sourcecode.swift; path = AuthorizeActionType.swift; sourceTree = "<group>"; };
		E85B551F289FB5CF00362990 /* AuthenticationStatus.swift */ = {isa = PBXFileReference; fileEncoding = 4; lastKnownFileType = sourcecode.swift; path = AuthenticationStatus.swift; sourceTree = "<group>"; };
		E85B5520289FB5CF00362990 /* AuthenticationType.swift */ = {isa = PBXFileReference; fileEncoding = 4; lastKnownFileType = sourcecode.swift; path = AuthenticationType.swift; sourceTree = "<group>"; };
		E85B5521289FB5CF00362990 /* TapCheckoutFlipStatus.swift */ = {isa = PBXFileReference; fileEncoding = 4; lastKnownFileType = sourcecode.swift; path = TapCheckoutFlipStatus.swift; sourceTree = "<group>"; };
		E85B5522289FB5CF00362990 /* AuthenticationRequirer.swift */ = {isa = PBXFileReference; fileEncoding = 4; lastKnownFileType = sourcecode.swift; path = AuthenticationRequirer.swift; sourceTree = "<group>"; };
		E85B552B289FB73900362990 /* TapPaymentOptionsReponseModel.swift */ = {isa = PBXFileReference; fileEncoding = 4; lastKnownFileType = sourcecode.swift; path = TapPaymentOptionsReponseModel.swift; sourceTree = "<group>"; };
		E85B552C289FB73900362990 /* TapPaymentOptionsRequestModel.swift */ = {isa = PBXFileReference; fileEncoding = 4; lastKnownFileType = sourcecode.swift; path = TapPaymentOptionsRequestModel.swift; sourceTree = "<group>"; };
		E85B552E289FB73900362990 /* TapAuthorizeRequestModel.swift */ = {isa = PBXFileReference; fileEncoding = 4; lastKnownFileType = sourcecode.swift; path = TapAuthorizeRequestModel.swift; sourceTree = "<group>"; };
		E85B5530289FB73900362990 /* TapDeleteSavedCardResponseModel.swift */ = {isa = PBXFileReference; fileEncoding = 4; lastKnownFileType = sourcecode.swift; path = TapDeleteSavedCardResponseModel.swift; sourceTree = "<group>"; };
		E85B5532289FB73900362990 /* TapChargeRequestModel.swift */ = {isa = PBXFileReference; fileEncoding = 4; lastKnownFileType = sourcecode.swift; path = TapChargeRequestModel.swift; sourceTree = "<group>"; };
		E85B553C289FD5F200362990 /* AuthorizeActionStatus.swift */ = {isa = PBXFileReference; fileEncoding = 4; lastKnownFileType = sourcecode.swift; name = AuthorizeActionStatus.swift; path = "../../../../../CheckoutSDK-iOS/CheckoutSDK-iOS/Pods/CommonDataModelsKit-iOS/CommonDataModelsKit-iOS/CommonDataModelsKit-iOS/Core/enums/AuthorizeActionStatus.swift"; sourceTree = "<group>"; };
		E8798860245EDD1D00D643A2 /* DefaultTapLocalisation.json */ = {isa = PBXFileReference; fileEncoding = 4; lastKnownFileType = text.json; path = DefaultTapLocalisation.json; sourceTree = "<group>"; };
		E8798864245EDDA400D643A2 /* TapCommonConstants.swift */ = {isa = PBXFileReference; lastKnownFileType = sourcecode.swift; path = TapCommonConstants.swift; sourceTree = "<group>"; };
		E8844BC22676096B0073D777 /* Shipping.swift */ = {isa = PBXFileReference; fileEncoding = 4; lastKnownFileType = sourcecode.swift; path = Shipping.swift; sourceTree = "<group>"; };
		E8844BC8267617260073D777 /* ItemModel.swift */ = {isa = PBXFileReference; fileEncoding = 4; lastKnownFileType = sourcecode.swift; path = ItemModel.swift; sourceTree = "<group>"; };
		E8844BC9267617260073D777 /* AmountModificatorModel.swift */ = {isa = PBXFileReference; fileEncoding = 4; lastKnownFileType = sourcecode.swift; path = AmountModificatorModel.swift; sourceTree = "<group>"; };
		E8844BD0267617F40073D777 /* AmountMoficiationType.swift */ = {isa = PBXFileReference; lastKnownFileType = sourcecode.swift; path = AmountMoficiationType.swift; sourceTree = "<group>"; };
		E8844BD32676199D0073D777 /* Tax.swift */ = {isa = PBXFileReference; lastKnownFileType = sourcecode.swift; path = Tax.swift; sourceTree = "<group>"; };
		E8844D2F267750E20073D777 /* ErrorCode.swift */ = {isa = PBXFileReference; fileEncoding = 4; lastKnownFileType = sourcecode.swift; path = ErrorCode.swift; sourceTree = "<group>"; };
		E8844D30267750E20073D777 /* TapSDKErrorType.swift */ = {isa = PBXFileReference; fileEncoding = 4; lastKnownFileType = sourcecode.swift; path = TapSDKErrorType.swift; sourceTree = "<group>"; };
		E8844D342677516F0073D777 /* TapSDKKnownError.swift */ = {isa = PBXFileReference; fileEncoding = 4; lastKnownFileType = sourcecode.swift; name = TapSDKKnownError.swift; path = ../TapSDKKnownError.swift; sourceTree = "<group>"; };
		E8844D352677516F0073D777 /* ErrorDetail.swift */ = {isa = PBXFileReference; fileEncoding = 4; lastKnownFileType = sourcecode.swift; name = ErrorDetail.swift; path = ../ErrorDetail.swift; sourceTree = "<group>"; };
		E8844D392677516F0073D777 /* APIError.swift */ = {isa = PBXFileReference; fileEncoding = 4; lastKnownFileType = sourcecode.swift; path = APIError.swift; sourceTree = "<group>"; };
		E8844D3C2677516F0073D777 /* TapSDKAPIError.swift */ = {isa = PBXFileReference; fileEncoding = 4; lastKnownFileType = sourcecode.swift; path = TapSDKAPIError.swift; sourceTree = "<group>"; };
		E8844D3D2677516F0073D777 /* TapSDKError.swift */ = {isa = PBXFileReference; fileEncoding = 4; lastKnownFileType = sourcecode.swift; path = TapSDKError.swift; sourceTree = "<group>"; };
		E8844D3F2677516F0073D777 /* TapSDKUnknownError.swift */ = {isa = PBXFileReference; fileEncoding = 4; lastKnownFileType = sourcecode.swift; name = TapSDKUnknownError.swift; path = ../TapSDKUnknownError.swift; sourceTree = "<group>"; };
		E8844D5C267753770073D777 /* TapPhone.swift */ = {isa = PBXFileReference; fileEncoding = 4; lastKnownFileType = sourcecode.swift; path = TapPhone.swift; sourceTree = "<group>"; };
		E8844D5D267753770073D777 /* TapEmailAddress.swift */ = {isa = PBXFileReference; fileEncoding = 4; lastKnownFileType = sourcecode.swift; path = TapEmailAddress.swift; sourceTree = "<group>"; };
		E8844D5E267753770073D777 /* TapMetaData.swift */ = {isa = PBXFileReference; fileEncoding = 4; lastKnownFileType = sourcecode.swift; path = TapMetaData.swift; sourceTree = "<group>"; };
		E8844D642677538A0073D777 /* ExtensionProtocols.swift */ = {isa = PBXFileReference; fileEncoding = 4; lastKnownFileType = sourcecode.swift; path = ExtensionProtocols.swift; sourceTree = "<group>"; };
		E8844D68267753B20073D777 /* TapPaymentType.swift */ = {isa = PBXFileReference; fileEncoding = 4; lastKnownFileType = sourcecode.swift; path = TapPaymentType.swift; sourceTree = "<group>"; };
		E8844D69267753B20073D777 /* cardType.swift */ = {isa = PBXFileReference; fileEncoding = 4; lastKnownFileType = sourcecode.swift; path = cardType.swift; sourceTree = "<group>"; };
		E8844D6B267753B20073D777 /* AuthorizeActionType.swift */ = {isa = PBXFileReference; fileEncoding = 4; lastKnownFileType = sourcecode.swift; path = AuthorizeActionType.swift; sourceTree = "<group>"; };
		E8844D6C267753B20073D777 /* TransactionMode.swift */ = {isa = PBXFileReference; fileEncoding = 4; lastKnownFileType = sourcecode.swift; path = TransactionMode.swift; sourceTree = "<group>"; };
		E8844FA82679C34C0073D777 /* QuantityModel.swift */ = {isa = PBXFileReference; lastKnownFileType = sourcecode.swift; path = QuantityModel.swift; sourceTree = "<group>"; };
		E8844FAC2679C3870073D777 /* _ObjCMeasurement.swift */ = {isa = PBXFileReference; fileEncoding = 4; lastKnownFileType = sourcecode.swift; path = _ObjCMeasurement.swift; sourceTree = "<group>"; };
		E8844FAD2679C3870073D777 /* Power.swift */ = {isa = PBXFileReference; fileEncoding = 4; lastKnownFileType = sourcecode.swift; path = Power.swift; sourceTree = "<group>"; };
		E8844FAE2679C3870073D777 /* Length.swift */ = {isa = PBXFileReference; fileEncoding = 4; lastKnownFileType = sourcecode.swift; path = Length.swift; sourceTree = "<group>"; };
		E8844FAF2679C3870073D777 /* Measurement.swift */ = {isa = PBXFileReference; fileEncoding = 4; lastKnownFileType = sourcecode.swift; path = Measurement.swift; sourceTree = "<group>"; };
		E8844FB02679C3870073D777 /* ElectricCharge.swift */ = {isa = PBXFileReference; fileEncoding = 4; lastKnownFileType = sourcecode.swift; path = ElectricCharge.swift; sourceTree = "<group>"; };
		E8844FB12679C3870073D777 /* Energy.swift */ = {isa = PBXFileReference; fileEncoding = 4; lastKnownFileType = sourcecode.swift; path = Energy.swift; sourceTree = "<group>"; };
		E8844FB22679C3870073D777 /* Area.swift */ = {isa = PBXFileReference; fileEncoding = 4; lastKnownFileType = sourcecode.swift; path = Area.swift; sourceTree = "<group>"; };
		E8844FB32679C3870073D777 /* Mass.swift */ = {isa = PBXFileReference; fileEncoding = 4; lastKnownFileType = sourcecode.swift; path = Mass.swift; sourceTree = "<group>"; };
		E8844FB42679C3870073D777 /* Volume.swift */ = {isa = PBXFileReference; fileEncoding = 4; lastKnownFileType = sourcecode.swift; path = Volume.swift; sourceTree = "<group>"; };
		E8844FB52679C3870073D777 /* ElectricCurrent.swift */ = {isa = PBXFileReference; fileEncoding = 4; lastKnownFileType = sourcecode.swift; path = ElectricCurrent.swift; sourceTree = "<group>"; };
		E8844FB62679C3870073D777 /* Duration.swift */ = {isa = PBXFileReference; fileEncoding = 4; lastKnownFileType = sourcecode.swift; path = Duration.swift; sourceTree = "<group>"; };
		E8845108267B44740073D777 /* AmountedCurrency.swift */ = {isa = PBXFileReference; fileEncoding = 4; lastKnownFileType = sourcecode.swift; path = AmountedCurrency.swift; sourceTree = "<group>"; };
		E8B8CB802442E0730060E0F3 /* CommonDataModelsKit_iOS.framework */ = {isa = PBXFileReference; explicitFileType = wrapper.framework; includeInIndex = 0; path = CommonDataModelsKit_iOS.framework; sourceTree = BUILT_PRODUCTS_DIR; };
		E8B8CB832442E0730060E0F3 /* CommonDataModelsKit_iOS.h */ = {isa = PBXFileReference; lastKnownFileType = sourcecode.c.h; path = CommonDataModelsKit_iOS.h; sourceTree = "<group>"; };
		E8B8CB842442E0730060E0F3 /* Info.plist */ = {isa = PBXFileReference; lastKnownFileType = text.plist.xml; path = Info.plist; sourceTree = "<group>"; };
		E8B8CB8E2442E0990060E0F3 /* TapCurrencyCode.swift */ = {isa = PBXFileReference; fileEncoding = 4; lastKnownFileType = sourcecode.swift; path = TapCurrencyCode.swift; sourceTree = "<group>"; };
		E8B8CB8F2442E0990060E0F3 /* TapCountryCode.swift */ = {isa = PBXFileReference; fileEncoding = 4; lastKnownFileType = sourcecode.swift; path = TapCountryCode.swift; sourceTree = "<group>"; };
		E8B8CB922442E09F0060E0F3 /* TapCard.swift */ = {isa = PBXFileReference; fileEncoding = 4; lastKnownFileType = sourcecode.swift; path = TapCard.swift; sourceTree = "<group>"; };
		E8BE3FA124B58E7500F15C41 /* TapCountry.swift */ = {isa = PBXFileReference; fileEncoding = 4; lastKnownFileType = sourcecode.swift; path = TapCountry.swift; sourceTree = "<group>"; };
		E8C590942491FDB900E03424 /* MerchantModel.swift */ = {isa = PBXFileReference; fileEncoding = 4; lastKnownFileType = sourcecode.swift; path = MerchantModel.swift; sourceTree = "<group>"; };
		E8C590E924920D5600E03424 /* String.swift */ = {isa = PBXFileReference; lastKnownFileType = sourcecode.swift; path = String.swift; sourceTree = "<group>"; };
		E8C590EB24920D7000E03424 /* TapCurrencyLocale.swift */ = {isa = PBXFileReference; lastKnownFileType = sourcecode.swift; path = TapCurrencyLocale.swift; sourceTree = "<group>"; };
		E8C590ED24920DB200E03424 /* TapAmountedCurrencyFormatter.swift */ = {isa = PBXFileReference; lastKnownFileType = sourcecode.swift; path = TapAmountedCurrencyFormatter.swift; sourceTree = "<group>"; };
/* End PBXFileReference section */

/* Begin PBXFrameworksBuildPhase section */
		E8B8CB7D2442E0730060E0F3 /* Frameworks */ = {
			isa = PBXFrameworksBuildPhase;
			buildActionMask = 2147483647;
			files = (
				C63150AE323BEBFF192D20DF /* Pods_CommonDataModelsKit_iOS.framework in Frameworks */,
			);
			runOnlyForDeploymentPostprocessing = 0;
		};
/* End PBXFrameworksBuildPhase section */

/* Begin PBXGroup section */
		331354D1B6B62FED86C37A2C /* Frameworks */ = {
			isa = PBXGroup;
			children = (
				C51E6438808EE2203ECFAEBA /* Pods_CommonDataModelsKit_iOS.framework */,
			);
			name = Frameworks;
			sourceTree = "<group>";
		};
		384DACC3A1AB87DFE721E5F7 /* Pods */ = {
			isa = PBXGroup;
			children = (
				2306CFDD70A45C1F67010D89 /* Pods-CommonDataModelsKit-iOS.debug.xcconfig */,
				73F459408BDF9D842EDC8FF0 /* Pods-CommonDataModelsKit-iOS.release.xcconfig */,
			);
			path = Pods;
			sourceTree = "<group>";
		};
		E85B53A1289F8A5000362990 /* Utils */ = {
			isa = PBXGroup;
			children = (
				E85B53A2289F8A5A00362990 /* Crypter.swift */,
				E85B53A3289F8A5A00362990 /* ErrorUtils.swift */,
				E85B53A4289F8A5A00362990 /* KeychainManager.swift */,
				E85B53A5289F8A5A00362990 /* RSAUtils.swift */,
			);
			path = Utils;
			sourceTree = "<group>";
		};
		E85B53E0289F944000362990 /* APiModels */ = {
			isa = PBXGroup;
			children = (
				E85B552D289FB73900362990 /* TapAuthorizeRequestModel */,
				E85B5531289FB73900362990 /* TapChargeRequest */,
				E85B552F289FB73900362990 /* TapDeleteSavedCardRequest */,
				E85B552A289FB73900362990 /* TapPaymentOptionsRequest */,
				E85B53ED289F946700362990 /* TapConfigRequest */,
				E85B53E8289F946700362990 /* TapInitRequest */,
				E85B53E1289F946600362990 /* TapBinRequest */,
				E85B53E4289F946700362990 /* TapCardVerifyRequest */,
				E85B53F2289F946700362990 /* TapTokenRequest */,
			);
			path = APiModels;
			sourceTree = "<group>";
		};
		E85B53E1289F946600362990 /* TapBinRequest */ = {
			isa = PBXGroup;
			children = (
				E85B53E2289F946600362990 /* CardScheme.swift */,
				E85B53E3289F946600362990 /* TapBinResponseModel.swift */,
			);
			path = TapBinRequest;
			sourceTree = "<group>";
		};
		E85B53E4289F946700362990 /* TapCardVerifyRequest */ = {
			isa = PBXGroup;
			children = (
				E85B53E5289F946700362990 /* TapCreateCardVerificationRequestModel.swift */,
				E85B53E6289F946700362990 /* TapAuthenticationRequest.swift */,
				E85B53E7289F946700362990 /* TapCreateCardVerificationResponseModel.swift */,
			);
			path = TapCardVerifyRequest;
			sourceTree = "<group>";
		};
		E85B53E8289F946700362990 /* TapInitRequest */ = {
			isa = PBXGroup;
			children = (
				E85B53E9289F946700362990 /* TapInitResponsdeModel */,
			);
			path = TapInitRequest;
			sourceTree = "<group>";
		};
		E85B53E9289F946700362990 /* TapInitResponsdeModel */ = {
			isa = PBXGroup;
			children = (
				E85B53EB289F946700362990 /* SDKSettings.swift */,
				E85B53EC289F946700362990 /* TapPaymentOption.swift */,
			);
			path = TapInitResponsdeModel;
			sourceTree = "<group>";
		};
		E85B53ED289F946700362990 /* TapConfigRequest */ = {
			isa = PBXGroup;
			children = (
				E85B53EE289F946700362990 /* Gateway.swift */,
				E85B53EF289F946700362990 /* Config.swift */,
				E85B53F0289F946700362990 /* TapConfigRequestModel.swift */,
				E85B53F1289F946700362990 /* TapConfigResponseModel.swift */,
			);
			path = TapConfigRequest;
			sourceTree = "<group>";
		};
		E85B53F2289F946700362990 /* TapTokenRequest */ = {
			isa = PBXGroup;
			children = (
				E85B53F3289F946700362990 /* TapCreateTokenRequest.swift */,
				E85B53F4289F946700362990 /* TapCreateTokenWithCardDataRequest.swift */,
			);
			path = TapTokenRequest;
			sourceTree = "<group>";
		};
		E85B552A289FB73900362990 /* TapPaymentOptionsRequest */ = {
			isa = PBXGroup;
			children = (
				E85B552B289FB73900362990 /* TapPaymentOptionsReponseModel.swift */,
				E85B552C289FB73900362990 /* TapPaymentOptionsRequestModel.swift */,
			);
			path = TapPaymentOptionsRequest;
			sourceTree = "<group>";
		};
		E85B552D289FB73900362990 /* TapAuthorizeRequestModel */ = {
			isa = PBXGroup;
			children = (
				E85B552E289FB73900362990 /* TapAuthorizeRequestModel.swift */,
			);
			path = TapAuthorizeRequestModel;
			sourceTree = "<group>";
		};
		E85B552F289FB73900362990 /* TapDeleteSavedCardRequest */ = {
			isa = PBXGroup;
			children = (
				E85B5530289FB73900362990 /* TapDeleteSavedCardResponseModel.swift */,
			);
			path = TapDeleteSavedCardRequest;
			sourceTree = "<group>";
		};
		E85B5531289FB73900362990 /* TapChargeRequest */ = {
			isa = PBXGroup;
			children = (
				E85B5532289FB73900362990 /* TapChargeRequestModel.swift */,
			);
			path = TapChargeRequest;
			sourceTree = "<group>";
		};
		E8798862245EDD2200D643A2 /* assets */ = {
			isa = PBXGroup;
			children = (
				E8798860245EDD1D00D643A2 /* DefaultTapLocalisation.json */,
			);
			path = assets;
			sourceTree = "<group>";
		};
		E8798863245EDD9100D643A2 /* Constants */ = {
			isa = PBXGroup;
			children = (
				E8798864245EDDA400D643A2 /* TapCommonConstants.swift */,
			);
			path = Constants;
			sourceTree = "<group>";
		};
		E8844D362677516F0073D777 /* Errors */ = {
			isa = PBXGroup;
			children = (
				E8844D342677516F0073D777 /* TapSDKKnownError.swift */,
				E8844D392677516F0073D777 /* APIError.swift */,
				E8844D352677516F0073D777 /* ErrorDetail.swift */,
				E8844D3F2677516F0073D777 /* TapSDKUnknownError.swift */,
				E8844D3C2677516F0073D777 /* TapSDKAPIError.swift */,
				E8844D3D2677516F0073D777 /* TapSDKError.swift */,
				E8844D2F267750E20073D777 /* ErrorCode.swift */,
				E8844D30267750E20073D777 /* TapSDKErrorType.swift */,
			);
			path = Errors;
			sourceTree = "<group>";
		};
		E8844FAB2679C3870073D777 /* Measurements */ = {
			isa = PBXGroup;
			children = (
				E8844FAC2679C3870073D777 /* _ObjCMeasurement.swift */,
				E8844FAD2679C3870073D777 /* Power.swift */,
				E8844FAE2679C3870073D777 /* Length.swift */,
				E8844FAF2679C3870073D777 /* Measurement.swift */,
				E8844FB02679C3870073D777 /* ElectricCharge.swift */,
				E8844FB12679C3870073D777 /* Energy.swift */,
				E8844FB22679C3870073D777 /* Area.swift */,
				E8844FB32679C3870073D777 /* Mass.swift */,
				E8844FB42679C3870073D777 /* Volume.swift */,
				E8844FB52679C3870073D777 /* ElectricCurrent.swift */,
				E8844FB62679C3870073D777 /* Duration.swift */,
			);
			path = Measurements;
			sourceTree = "<group>";
		};
		E8B8CB762442E0730060E0F3 = {
			isa = PBXGroup;
			children = (
				E8B8CB822442E0730060E0F3 /* CommonDataModelsKit-iOS */,
				E8B8CB812442E0730060E0F3 /* Products */,
				384DACC3A1AB87DFE721E5F7 /* Pods */,
				331354D1B6B62FED86C37A2C /* Frameworks */,
			);
			sourceTree = "<group>";
		};
		E8B8CB812442E0730060E0F3 /* Products */ = {
			isa = PBXGroup;
			children = (
				E8B8CB802442E0730060E0F3 /* CommonDataModelsKit_iOS.framework */,
			);
			name = Products;
			sourceTree = "<group>";
		};
		E8B8CB822442E0730060E0F3 /* CommonDataModelsKit-iOS */ = {
			isa = PBXGroup;
			children = (
				E8B8CB8B2442E07C0060E0F3 /* Core */,
				E8B8CB832442E0730060E0F3 /* CommonDataModelsKit_iOS.h */,
				E8B8CB842442E0730060E0F3 /* Info.plist */,
			);
			path = "CommonDataModelsKit-iOS";
			sourceTree = "<group>";
		};
		E8B8CB8B2442E07C0060E0F3 /* Core */ = {
			isa = PBXGroup;
			children = (
				E85B53A1289F8A5000362990 /* Utils */,
				E8798863245EDD9100D643A2 /* Constants */,
				E8798862245EDD2200D643A2 /* assets */,
				E8844D362677516F0073D777 /* Errors */,
				E8B8CB8D2442E0870060E0F3 /* enums */,
				E8B8CB8C2442E0820060E0F3 /* models */,
				E85B53AA289F8BAD00362990 /* SharedCommonDataModels.swift */,
			);
			path = Core;
			sourceTree = "<group>";
		};
		E8B8CB8C2442E0820060E0F3 /* models */ = {
			isa = PBXGroup;
			children = (
				E85B53E0289F944000362990 /* APiModels */,
				E85B54FB289FB44F00362990 /* Acquirer.swift */,
				E85B5505289FB45000362990 /* Authentication.swift */,
				E85B5506289FB45000362990 /* Authorize.swift */,
				E85B5500289FB45000362990 /* AuthorizeAction.swift */,
				E85B54FE289FB44F00362990 /* AuthorizeActionResponse.swift */,
				E85B54F5289FB44F00362990 /* Charge.swift */,
				E85B54F4289FB44F00362990 /* CreateTokenSavedCard.swift */,
				E85B54FF289FB45000362990 /* Destination.swift */,
				E85B5507289FB45000362990 /* DestinationGroup.swift */,
				E85B54FC289FB44F00362990 /* ExtraFee.swift */,
				E85B54FD289FB44F00362990 /* Order.swift */,
				E85B5503289FB45000362990 /* Receipt.swift */,
				E85B54F6289FB44F00362990 /* Reference.swift */,
				E85B5501289FB45000362990 /* Response.swift */,
				E85B54F8289FB44F00362990 /* TapLoggingModel.swift */,
				E85B5504289FB45000362990 /* Transfer.swift */,
				E85B53B5289F8C7D00362990 /* Address.swift */,
				E85B53BA289F8C7D00362990 /* ApiErrorModel.swift */,
				E85B53B9289F8C7D00362990 /* Country.swift */,
				E85B53B8289F8C7D00362990 /* CreateTokenCard.swift */,
				E85B53C0289F8C7E00362990 /* ExpirationDate.swift */,
				E85B53BB289F8C7D00362990 /* InternalSDKSettings.swift */,
				E85B53B0289F8C7D00362990 /* Merchant.swift */,
				E85B53B2289F8C7D00362990 /* Permissions.swift */,
				E85B53B7289F8C7D00362990 /* SavedCard.swift */,
				E85B53B3289F8C7D00362990 /* SecretKey.swift */,
				E85B53BC289F8C7D00362990 /* Source.swift */,
				E85B53C1289F8C7E00362990 /* SourceRequest.swift */,
				E85B53B6289F8C7D00362990 /* TapCustomer.swift */,
				E85B53C3289F8C7E00362990 /* Token.swift */,
				E85B53B1289F8C7D00362990 /* TokenizedCard.swift */,
				E85B53C2289F8C7E00362990 /* TrackingURL.swift */,
				E85B53B4289F8C7D00362990 /* TransactionDetails.swift */,
				E85B53AF289F8C7D00362990 /* TransactionExpiry.swift */,
				E85B53AC289F8C7D00362990 /* TransactionOrder.swift */,
				E8845108267B44740073D777 /* AmountedCurrency.swift */,
				E8844D642677538A0073D777 /* ExtensionProtocols.swift */,
				E8844D5D267753770073D777 /* TapEmailAddress.swift */,
				E8844D5E267753770073D777 /* TapMetaData.swift */,
				E8844D5C267753770073D777 /* TapPhone.swift */,
				E8844BC9267617260073D777 /* AmountModificatorModel.swift */,
				E8844BC8267617260073D777 /* ItemModel.swift */,
				E8844BC22676096B0073D777 /* Shipping.swift */,
				E8BE3FA124B58E7500F15C41 /* TapCountry.swift */,
				E8C590942491FDB900E03424 /* MerchantModel.swift */,
				E8B8CB922442E09F0060E0F3 /* TapCard.swift */,
				E8844BD32676199D0073D777 /* Tax.swift */,
				E8844FA82679C34C0073D777 /* QuantityModel.swift */,
			);
			path = models;
			sourceTree = "<group>";
		};
		E8B8CB8D2442E0870060E0F3 /* enums */ = {
			isa = PBXGroup;
			children = (
				E85B553C289FD5F200362990 /* AuthorizeActionStatus.swift */,
				E85B5522289FB5CF00362990 /* AuthenticationRequirer.swift */,
				E85B551F289FB5CF00362990 /* AuthenticationStatus.swift */,
				E85B5520289FB5CF00362990 /* AuthenticationType.swift */,
				E85B551E289FB5CF00362990 /* AuthorizeActionType.swift */,
				E85B5521289FB5CF00362990 /* TapCheckoutFlipStatus.swift */,
				E85B551C289FB56300362990 /* ChargeStatus.swift */,
				E85B5389289F8A0C00362990 /* AddressFormat.swift */,
				E85B538D289F8A0C00362990 /* AddressType.swift */,
				E85B5390289F8A0C00362990 /* CardKitErrorType.swift */,
				E85B5393289F8A0D00362990 /* CardVerificationStatus.swift */,
				E85B538F289F8A0C00362990 /* SDKMode.swift */,
				E85B5391289F8A0C00362990 /* SourceChannel.swift */,
				E85B538E289F8A0C00362990 /* SourceObject.swift */,
				E85B538B289F8A0C00362990 /* SourcePaymentType.swift */,
				E85B5392289F8A0D00362990 /* SourceType.swift */,
				E85B5394289F8A0D00362990 /* TapNetworkPath.swift */,
				E85B538C289F8A0C00362990 /* TokenType.swift */,
				E85B538A289F8A0C00362990 /* URLStatus.swift */,
				E8844FAB2679C3870073D777 /* Measurements */,
				E8844D6B267753B20073D777 /* AuthorizeActionType.swift */,
				E8844D69267753B20073D777 /* cardType.swift */,
				E8844D68267753B20073D777 /* TapPaymentType.swift */,
				E8844D6C267753B20073D777 /* TransactionMode.swift */,
				E8C590972492039500E03424 /* TapCurrencyCode */,
				E8B8CB8F2442E0990060E0F3 /* TapCountryCode.swift */,
				E8844BD0267617F40073D777 /* AmountMoficiationType.swift */,
				E839252D26A0168A00421E15 /* CardTypeEnum.swift */,
			);
			path = enums;
			sourceTree = "<group>";
		};
		E8C590972492039500E03424 /* TapCurrencyCode */ = {
			isa = PBXGroup;
			children = (
				E8C590E924920D5600E03424 /* String.swift */,
				E8C590EB24920D7000E03424 /* TapCurrencyLocale.swift */,
				E8C590ED24920DB200E03424 /* TapAmountedCurrencyFormatter.swift */,
				E8B8CB8E2442E0990060E0F3 /* TapCurrencyCode.swift */,
			);
			path = TapCurrencyCode;
			sourceTree = "<group>";
		};
/* End PBXGroup section */

/* Begin PBXHeadersBuildPhase section */
		E8B8CB7B2442E0730060E0F3 /* Headers */ = {
			isa = PBXHeadersBuildPhase;
			buildActionMask = 2147483647;
			files = (
				E8B8CB852442E0730060E0F3 /* CommonDataModelsKit_iOS.h in Headers */,
			);
			runOnlyForDeploymentPostprocessing = 0;
		};
/* End PBXHeadersBuildPhase section */

/* Begin PBXNativeTarget section */
		E8B8CB7F2442E0730060E0F3 /* CommonDataModelsKit-iOS */ = {
			isa = PBXNativeTarget;
			buildConfigurationList = E8B8CB882442E0730060E0F3 /* Build configuration list for PBXNativeTarget "CommonDataModelsKit-iOS" */;
			buildPhases = (
				A959E06AA221B15180A1C82C /* [CP] Check Pods Manifest.lock */,
				E8B8CB7B2442E0730060E0F3 /* Headers */,
				E8B8CB7C2442E0730060E0F3 /* Sources */,
				E8B8CB7D2442E0730060E0F3 /* Frameworks */,
				E8B8CB7E2442E0730060E0F3 /* Resources */,
			);
			buildRules = (
			);
			dependencies = (
			);
			name = "CommonDataModelsKit-iOS";
			productName = "CommonDataModelsKit-iOS";
			productReference = E8B8CB802442E0730060E0F3 /* CommonDataModelsKit_iOS.framework */;
			productType = "com.apple.product-type.framework";
		};
/* End PBXNativeTarget section */

/* Begin PBXProject section */
		E8B8CB772442E0730060E0F3 /* Project object */ = {
			isa = PBXProject;
			attributes = {
				LastUpgradeCheck = 1240;
				ORGANIZATIONNAME = "Tap Payments";
				TargetAttributes = {
					E8B8CB7F2442E0730060E0F3 = {
						CreatedOnToolsVersion = 11.2.1;
						LastSwiftMigration = 1120;
					};
				};
			};
			buildConfigurationList = E8B8CB7A2442E0730060E0F3 /* Build configuration list for PBXProject "CommonDataModelsKit-iOS" */;
			compatibilityVersion = "Xcode 9.3";
			developmentRegion = en;
			hasScannedForEncodings = 0;
			knownRegions = (
				en,
				Base,
			);
			mainGroup = E8B8CB762442E0730060E0F3;
			productRefGroup = E8B8CB812442E0730060E0F3 /* Products */;
			projectDirPath = "";
			projectRoot = "";
			targets = (
				E8B8CB7F2442E0730060E0F3 /* CommonDataModelsKit-iOS */,
			);
		};
/* End PBXProject section */

/* Begin PBXResourcesBuildPhase section */
		E8B8CB7E2442E0730060E0F3 /* Resources */ = {
			isa = PBXResourcesBuildPhase;
			buildActionMask = 2147483647;
			files = (
				E8798861245EDD1D00D643A2 /* DefaultTapLocalisation.json in Resources */,
			);
			runOnlyForDeploymentPostprocessing = 0;
		};
/* End PBXResourcesBuildPhase section */

/* Begin PBXShellScriptBuildPhase section */
		A959E06AA221B15180A1C82C /* [CP] Check Pods Manifest.lock */ = {
			isa = PBXShellScriptBuildPhase;
			buildActionMask = 2147483647;
			files = (
			);
			inputFileListPaths = (
			);
			inputPaths = (
				"${PODS_PODFILE_DIR_PATH}/Podfile.lock",
				"${PODS_ROOT}/Manifest.lock",
			);
			name = "[CP] Check Pods Manifest.lock";
			outputFileListPaths = (
			);
			outputPaths = (
				"$(DERIVED_FILE_DIR)/Pods-CommonDataModelsKit-iOS-checkManifestLockResult.txt",
			);
			runOnlyForDeploymentPostprocessing = 0;
			shellPath = /bin/sh;
			shellScript = "diff \"${PODS_PODFILE_DIR_PATH}/Podfile.lock\" \"${PODS_ROOT}/Manifest.lock\" > /dev/null\nif [ $? != 0 ] ; then\n    # print error to STDERR\n    echo \"error: The sandbox is not in sync with the Podfile.lock. Run 'pod install' or update your CocoaPods installation.\" >&2\n    exit 1\nfi\n# This output is used by Xcode 'outputs' to avoid re-running this script phase.\necho \"SUCCESS\" > \"${SCRIPT_OUTPUT_FILE_0}\"\n";
			showEnvVarsInLog = 0;
		};
/* End PBXShellScriptBuildPhase section */

/* Begin PBXSourcesBuildPhase section */
		E8B8CB7C2442E0730060E0F3 /* Sources */ = {
			isa = PBXSourcesBuildPhase;
			buildActionMask = 2147483647;
			files = (
				E85B553D289FD5F200362990 /* AuthorizeActionStatus.swift in Sources */,
				E85B53F6289F946700362990 /* TapBinResponseModel.swift in Sources */,
				E85B551A289FB45100362990 /* Authorize.swift in Sources */,
				E85B5510289FB45000362990 /* ExtraFee.swift in Sources */,
				E85B53CE289F8C7E00362990 /* TransactionDetails.swift in Sources */,
				E8844D5F267753770073D777 /* TapPhone.swift in Sources */,
				E85B5518289FB45100362990 /* Transfer.swift in Sources */,
				E85B53DA289F8C7E00362990 /* ExpirationDate.swift in Sources */,
				E85B5396289F8A0D00362990 /* URLStatus.swift in Sources */,
				E8C590EA24920D5600E03424 /* String.swift in Sources */,
				E85B5519289FB45100362990 /* Authentication.swift in Sources */,
				E8844D6D267753B20073D777 /* TapPaymentType.swift in Sources */,
				E85B5512289FB45000362990 /* AuthorizeActionResponse.swift in Sources */,
				E85B53FF289F946700362990 /* TapConfigRequestModel.swift in Sources */,
				E85B5523289FB5CF00362990 /* AuthorizeActionType.swift in Sources */,
				E8B8CB932442E09F0060E0F3 /* TapCard.swift in Sources */,
				E8BE3FA224B58E7500F15C41 /* TapCountry.swift in Sources */,
				E8844D32267750E20073D777 /* TapSDKErrorType.swift in Sources */,
				E85B5397289F8A0D00362990 /* SourcePaymentType.swift in Sources */,
				E839252E26A0168A00421E15 /* CardTypeEnum.swift in Sources */,
				E85B53A6289F8A5A00362990 /* Crypter.swift in Sources */,
				E85B53CD289F8C7E00362990 /* SecretKey.swift in Sources */,
				E85B539C289F8A0D00362990 /* CardKitErrorType.swift in Sources */,
				E85B5398289F8A0D00362990 /* TokenType.swift in Sources */,
				E8844D412677516F0073D777 /* TapSDKKnownError.swift in Sources */,
				E8844FBB2679C3870073D777 /* ElectricCharge.swift in Sources */,
				E85B5524289FB5CF00362990 /* AuthenticationStatus.swift in Sources */,
				E85B5511289FB45000362990 /* Order.swift in Sources */,
				E85B5535289FB73900362990 /* TapAuthorizeRequestModel.swift in Sources */,
				E8844FB82679C3870073D777 /* Power.swift in Sources */,
				E8844FB72679C3870073D777 /* _ObjCMeasurement.swift in Sources */,
				E85B53DC289F8C7E00362990 /* TrackingURL.swift in Sources */,
				E85B53FD289F946700362990 /* Gateway.swift in Sources */,
				E85B53DB289F8C7E00362990 /* SourceRequest.swift in Sources */,
				E85B5514289FB45000362990 /* AuthorizeAction.swift in Sources */,
				E85B53A0289F8A0D00362990 /* TapNetworkPath.swift in Sources */,
				E8844D422677516F0073D777 /* ErrorDetail.swift in Sources */,
				E85B53F7289F946700362990 /* TapCreateCardVerificationRequestModel.swift in Sources */,
				E85B53D1289F8C7E00362990 /* SavedCard.swift in Sources */,
				E8B8CB902442E0990060E0F3 /* TapCurrencyCode.swift in Sources */,
				E8798865245EDDA400D643A2 /* TapCommonConstants.swift in Sources */,
				E8844D31267750E20073D777 /* ErrorCode.swift in Sources */,
				E85B53FB289F946700362990 /* SDKSettings.swift in Sources */,
				E85B53FC289F946700362990 /* TapPaymentOption.swift in Sources */,
				E85B53FE289F946700362990 /* Config.swift in Sources */,
				E85B53A7289F8A5A00362990 /* ErrorUtils.swift in Sources */,
				E8844FC12679C3870073D777 /* Duration.swift in Sources */,
				E85B53A9289F8A5A00362990 /* RSAUtils.swift in Sources */,
				E85B5517289FB45000362990 /* Receipt.swift in Sources */,
				E8844D4B2677516F0073D777 /* TapSDKUnknownError.swift in Sources */,
				E8844D6E267753B20073D777 /* cardType.swift in Sources */,
				E8844FBC2679C3870073D777 /* Energy.swift in Sources */,
				E85B5399289F8A0D00362990 /* AddressType.swift in Sources */,
				E8844D70267753B20073D777 /* AuthorizeActionType.swift in Sources */,
				E85B53F8289F946700362990 /* TapAuthenticationRequest.swift in Sources */,
				E85B5533289FB73900362990 /* TapPaymentOptionsReponseModel.swift in Sources */,
				E8C590952491FDB900E03424 /* MerchantModel.swift in Sources */,
				E8844BCA267617260073D777 /* ItemModel.swift in Sources */,
				E85B53D4289F8C7E00362990 /* ApiErrorModel.swift in Sources */,
				E8844BD1267617F40073D777 /* AmountMoficiationType.swift in Sources */,
				E85B5400289F946700362990 /* TapConfigResponseModel.swift in Sources */,
				E85B53CA289F8C7E00362990 /* Merchant.swift in Sources */,
				E85B5534289FB73900362990 /* TapPaymentOptionsRequestModel.swift in Sources */,
				E85B53AB289F8BAD00362990 /* SharedCommonDataModels.swift in Sources */,
				E85B5401289F946700362990 /* TapCreateTokenRequest.swift in Sources */,
				E85B5536289FB73900362990 /* TapDeleteSavedCardResponseModel.swift in Sources */,
				E8844FBF2679C3870073D777 /* Volume.swift in Sources */,
				E85B5513289FB45000362990 /* Destination.swift in Sources */,
				E85B53F9289F946700362990 /* TapCreateCardVerificationResponseModel.swift in Sources */,
				E85B53CB289F8C7E00362990 /* TokenizedCard.swift in Sources */,
				E85B539A289F8A0D00362990 /* SourceObject.swift in Sources */,
				E8844FBD2679C3870073D777 /* Area.swift in Sources */,
				E8844FB92679C3870073D777 /* Length.swift in Sources */,
				E85B53C9289F8C7E00362990 /* TransactionExpiry.swift in Sources */,
				E85B5395289F8A0D00362990 /* AddressFormat.swift in Sources */,
				E85B5508289FB45000362990 /* CreateTokenSavedCard.swift in Sources */,
				E85B53F5289F946700362990 /* CardScheme.swift in Sources */,
				E85B53A8289F8A5A00362990 /* KeychainManager.swift in Sources */,
				E85B53DD289F8C7E00362990 /* Token.swift in Sources */,
				E85B550A289FB45000362990 /* Reference.swift in Sources */,
				E8B8CB912442E0990060E0F3 /* TapCountryCode.swift in Sources */,
				E8C590EE24920DB200E03424 /* TapAmountedCurrencyFormatter.swift in Sources */,
				E85B550F289FB45000362990 /* Acquirer.swift in Sources */,
				E8844FA92679C34C0073D777 /* QuantityModel.swift in Sources */,
				E8844D61267753770073D777 /* TapMetaData.swift in Sources */,
				E85B539E289F8A0D00362990 /* SourceType.swift in Sources */,
				E85B5515289FB45000362990 /* Response.swift in Sources */,
				E8844D492677516F0073D777 /* TapSDKError.swift in Sources */,
				E8844D60267753770073D777 /* TapEmailAddress.swift in Sources */,
				E85B5526289FB5CF00362990 /* TapCheckoutFlipStatus.swift in Sources */,
				E85B5527289FB5CF00362990 /* AuthenticationRequirer.swift in Sources */,
				E8844D482677516F0073D777 /* TapSDKAPIError.swift in Sources */,
				E85B53D5289F8C7E00362990 /* InternalSDKSettings.swift in Sources */,
				E85B53CF289F8C7E00362990 /* Address.swift in Sources */,
				E85B5402289F946700362990 /* TapCreateTokenWithCardDataRequest.swift in Sources */,
				E85B5509289FB45000362990 /* Charge.swift in Sources */,
				E85B53D2289F8C7E00362990 /* CreateTokenCard.swift in Sources */,
				E8844BC32676096B0073D777 /* Shipping.swift in Sources */,
				E8844D662677538A0073D777 /* ExtensionProtocols.swift in Sources */,
				E8844BD42676199D0073D777 /* Tax.swift in Sources */,
				E8C590EC24920D7000E03424 /* TapCurrencyLocale.swift in Sources */,
				E85B53C6289F8C7E00362990 /* TransactionOrder.swift in Sources */,
				E85B550C289FB45000362990 /* TapLoggingModel.swift in Sources */,
				E85B53D0289F8C7E00362990 /* TapCustomer.swift in Sources */,
				E85B5537289FB73900362990 /* TapChargeRequestModel.swift in Sources */,
				E85B539B289F8A0D00362990 /* SDKMode.swift in Sources */,
				E85B53D3289F8C7E00362990 /* Country.swift in Sources */,
				E85B53CC289F8C7E00362990 /* Permissions.swift in Sources */,
				E8844D71267753B20073D777 /* TransactionMode.swift in Sources */,
				E85B53D6289F8C7E00362990 /* Source.swift in Sources */,
				E85B5525289FB5CF00362990 /* AuthenticationType.swift in Sources */,
				E8845109267B44740073D777 /* AmountedCurrency.swift in Sources */,
				E85B539F289F8A0D00362990 /* CardVerificationStatus.swift in Sources */,
				E8844BCB267617260073D777 /* AmountModificatorModel.swift in Sources */,
				E8844D452677516F0073D777 /* APIError.swift in Sources */,
				E8844FBA2679C3870073D777 /* Measurement.swift in Sources */,
				E85B551B289FB45100362990 /* DestinationGroup.swift in Sources */,
				E8844FC02679C3870073D777 /* ElectricCurrent.swift in Sources */,
				E85B539D289F8A0D00362990 /* SourceChannel.swift in Sources */,
				E85B551D289FB56300362990 /* ChargeStatus.swift in Sources */,
				E8844FBE2679C3870073D777 /* Mass.swift in Sources */,
			);
			runOnlyForDeploymentPostprocessing = 0;
		};
/* End PBXSourcesBuildPhase section */

/* Begin XCBuildConfiguration section */
		E8B8CB862442E0730060E0F3 /* Debug */ = {
			isa = XCBuildConfiguration;
			buildSettings = {
				ALWAYS_SEARCH_USER_PATHS = NO;
				CLANG_ANALYZER_NONNULL = YES;
				CLANG_ANALYZER_NUMBER_OBJECT_CONVERSION = YES_AGGRESSIVE;
				CLANG_CXX_LANGUAGE_STANDARD = "gnu++14";
				CLANG_CXX_LIBRARY = "libc++";
				CLANG_ENABLE_MODULES = YES;
				CLANG_ENABLE_OBJC_ARC = YES;
				CLANG_ENABLE_OBJC_WEAK = YES;
				CLANG_WARN_BLOCK_CAPTURE_AUTORELEASING = YES;
				CLANG_WARN_BOOL_CONVERSION = YES;
				CLANG_WARN_COMMA = YES;
				CLANG_WARN_CONSTANT_CONVERSION = YES;
				CLANG_WARN_DEPRECATED_OBJC_IMPLEMENTATIONS = YES;
				CLANG_WARN_DIRECT_OBJC_ISA_USAGE = YES_ERROR;
				CLANG_WARN_DOCUMENTATION_COMMENTS = YES;
				CLANG_WARN_EMPTY_BODY = YES;
				CLANG_WARN_ENUM_CONVERSION = YES;
				CLANG_WARN_INFINITE_RECURSION = YES;
				CLANG_WARN_INT_CONVERSION = YES;
				CLANG_WARN_NON_LITERAL_NULL_CONVERSION = YES;
				CLANG_WARN_OBJC_IMPLICIT_RETAIN_SELF = YES;
				CLANG_WARN_OBJC_LITERAL_CONVERSION = YES;
				CLANG_WARN_OBJC_ROOT_CLASS = YES_ERROR;
				CLANG_WARN_QUOTED_INCLUDE_IN_FRAMEWORK_HEADER = YES;
				CLANG_WARN_RANGE_LOOP_ANALYSIS = YES;
				CLANG_WARN_STRICT_PROTOTYPES = YES;
				CLANG_WARN_SUSPICIOUS_MOVE = YES;
				CLANG_WARN_UNGUARDED_AVAILABILITY = YES_AGGRESSIVE;
				CLANG_WARN_UNREACHABLE_CODE = YES;
				CLANG_WARN__DUPLICATE_METHOD_MATCH = YES;
				COPY_PHASE_STRIP = NO;
				CURRENT_PROJECT_VERSION = 1;
				DEBUG_INFORMATION_FORMAT = dwarf;
				ENABLE_STRICT_OBJC_MSGSEND = YES;
				ENABLE_TESTABILITY = YES;
				GCC_C_LANGUAGE_STANDARD = gnu11;
				GCC_DYNAMIC_NO_PIC = NO;
				GCC_NO_COMMON_BLOCKS = YES;
				GCC_OPTIMIZATION_LEVEL = 0;
				GCC_PREPROCESSOR_DEFINITIONS = (
					"DEBUG=1",
					"$(inherited)",
				);
				GCC_WARN_64_TO_32_BIT_CONVERSION = YES;
				GCC_WARN_ABOUT_RETURN_TYPE = YES_ERROR;
				GCC_WARN_UNDECLARED_SELECTOR = YES;
				GCC_WARN_UNINITIALIZED_AUTOS = YES_AGGRESSIVE;
				GCC_WARN_UNUSED_FUNCTION = YES;
				GCC_WARN_UNUSED_VARIABLE = YES;
				IPHONEOS_DEPLOYMENT_TARGET = 12.0;
				MTL_ENABLE_DEBUG_INFO = INCLUDE_SOURCE;
				MTL_FAST_MATH = YES;
				ONLY_ACTIVE_ARCH = YES;
				SDKROOT = iphoneos;
				SWIFT_ACTIVE_COMPILATION_CONDITIONS = DEBUG;
				SWIFT_OPTIMIZATION_LEVEL = "-Onone";
				VERSIONING_SYSTEM = "apple-generic";
				VERSION_INFO_PREFIX = "";
			};
			name = Debug;
		};
		E8B8CB872442E0730060E0F3 /* Release */ = {
			isa = XCBuildConfiguration;
			buildSettings = {
				ALWAYS_SEARCH_USER_PATHS = NO;
				CLANG_ANALYZER_NONNULL = YES;
				CLANG_ANALYZER_NUMBER_OBJECT_CONVERSION = YES_AGGRESSIVE;
				CLANG_CXX_LANGUAGE_STANDARD = "gnu++14";
				CLANG_CXX_LIBRARY = "libc++";
				CLANG_ENABLE_MODULES = YES;
				CLANG_ENABLE_OBJC_ARC = YES;
				CLANG_ENABLE_OBJC_WEAK = YES;
				CLANG_WARN_BLOCK_CAPTURE_AUTORELEASING = YES;
				CLANG_WARN_BOOL_CONVERSION = YES;
				CLANG_WARN_COMMA = YES;
				CLANG_WARN_CONSTANT_CONVERSION = YES;
				CLANG_WARN_DEPRECATED_OBJC_IMPLEMENTATIONS = YES;
				CLANG_WARN_DIRECT_OBJC_ISA_USAGE = YES_ERROR;
				CLANG_WARN_DOCUMENTATION_COMMENTS = YES;
				CLANG_WARN_EMPTY_BODY = YES;
				CLANG_WARN_ENUM_CONVERSION = YES;
				CLANG_WARN_INFINITE_RECURSION = YES;
				CLANG_WARN_INT_CONVERSION = YES;
				CLANG_WARN_NON_LITERAL_NULL_CONVERSION = YES;
				CLANG_WARN_OBJC_IMPLICIT_RETAIN_SELF = YES;
				CLANG_WARN_OBJC_LITERAL_CONVERSION = YES;
				CLANG_WARN_OBJC_ROOT_CLASS = YES_ERROR;
				CLANG_WARN_QUOTED_INCLUDE_IN_FRAMEWORK_HEADER = YES;
				CLANG_WARN_RANGE_LOOP_ANALYSIS = YES;
				CLANG_WARN_STRICT_PROTOTYPES = YES;
				CLANG_WARN_SUSPICIOUS_MOVE = YES;
				CLANG_WARN_UNGUARDED_AVAILABILITY = YES_AGGRESSIVE;
				CLANG_WARN_UNREACHABLE_CODE = YES;
				CLANG_WARN__DUPLICATE_METHOD_MATCH = YES;
				COPY_PHASE_STRIP = NO;
				CURRENT_PROJECT_VERSION = 1;
				DEBUG_INFORMATION_FORMAT = "dwarf-with-dsym";
				ENABLE_NS_ASSERTIONS = NO;
				ENABLE_STRICT_OBJC_MSGSEND = YES;
				GCC_C_LANGUAGE_STANDARD = gnu11;
				GCC_NO_COMMON_BLOCKS = YES;
				GCC_WARN_64_TO_32_BIT_CONVERSION = YES;
				GCC_WARN_ABOUT_RETURN_TYPE = YES_ERROR;
				GCC_WARN_UNDECLARED_SELECTOR = YES;
				GCC_WARN_UNINITIALIZED_AUTOS = YES_AGGRESSIVE;
				GCC_WARN_UNUSED_FUNCTION = YES;
				GCC_WARN_UNUSED_VARIABLE = YES;
				IPHONEOS_DEPLOYMENT_TARGET = 12.0;
				MTL_ENABLE_DEBUG_INFO = NO;
				MTL_FAST_MATH = YES;
				SDKROOT = iphoneos;
				SWIFT_COMPILATION_MODE = wholemodule;
				SWIFT_OPTIMIZATION_LEVEL = "-O";
				VALIDATE_PRODUCT = YES;
				VERSIONING_SYSTEM = "apple-generic";
				VERSION_INFO_PREFIX = "";
			};
			name = Release;
		};
		E8B8CB892442E0730060E0F3 /* Debug */ = {
			isa = XCBuildConfiguration;
			baseConfigurationReference = 2306CFDD70A45C1F67010D89 /* Pods-CommonDataModelsKit-iOS.debug.xcconfig */;
			buildSettings = {
				CLANG_ENABLE_MODULES = YES;
				CODE_SIGN_STYLE = Automatic;
				CURRENT_PROJECT_VERSION = 1;
				DEFINES_MODULE = YES;
				DEVELOPMENT_TEAM = G46S76PUH4;
				DYLIB_COMPATIBILITY_VERSION = 1;
				DYLIB_CURRENT_VERSION = 1;
				DYLIB_INSTALL_NAME_BASE = "@rpath";
				INFOPLIST_FILE = "CommonDataModelsKit-iOS/Info.plist";
				INSTALL_PATH = "$(LOCAL_LIBRARY_DIR)/Frameworks";
				IPHONEOS_DEPLOYMENT_TARGET = 12.0;
				LD_RUNPATH_SEARCH_PATHS = (
					"$(inherited)",
					"@executable_path/Frameworks",
					"@loader_path/Frameworks",
				);
				PRODUCT_BUNDLE_IDENTIFIER = "company.tap.CommonDataModelsKit-iOS";
				PRODUCT_NAME = "$(TARGET_NAME:c99extidentifier)";
				SKIP_INSTALL = YES;
				SWIFT_OPTIMIZATION_LEVEL = "-Onone";
				SWIFT_VERSION = 5.0;
				TARGETED_DEVICE_FAMILY = "1,2";
			};
			name = Debug;
		};
		E8B8CB8A2442E0730060E0F3 /* Release */ = {
			isa = XCBuildConfiguration;
			baseConfigurationReference = 73F459408BDF9D842EDC8FF0 /* Pods-CommonDataModelsKit-iOS.release.xcconfig */;
			buildSettings = {
				CLANG_ENABLE_MODULES = YES;
				CODE_SIGN_STYLE = Automatic;
				CURRENT_PROJECT_VERSION = 1;
				DEFINES_MODULE = YES;
				DEVELOPMENT_TEAM = G46S76PUH4;
				DYLIB_COMPATIBILITY_VERSION = 1;
				DYLIB_CURRENT_VERSION = 1;
				DYLIB_INSTALL_NAME_BASE = "@rpath";
				INFOPLIST_FILE = "CommonDataModelsKit-iOS/Info.plist";
				INSTALL_PATH = "$(LOCAL_LIBRARY_DIR)/Frameworks";
				IPHONEOS_DEPLOYMENT_TARGET = 12.0;
				LD_RUNPATH_SEARCH_PATHS = (
					"$(inherited)",
					"@executable_path/Frameworks",
					"@loader_path/Frameworks",
				);
				PRODUCT_BUNDLE_IDENTIFIER = "company.tap.CommonDataModelsKit-iOS";
				PRODUCT_NAME = "$(TARGET_NAME:c99extidentifier)";
				SKIP_INSTALL = YES;
				SWIFT_VERSION = 5.0;
				TARGETED_DEVICE_FAMILY = "1,2";
			};
			name = Release;
		};
/* End XCBuildConfiguration section */

/* Begin XCConfigurationList section */
		E8B8CB7A2442E0730060E0F3 /* Build configuration list for PBXProject "CommonDataModelsKit-iOS" */ = {
			isa = XCConfigurationList;
			buildConfigurations = (
				E8B8CB862442E0730060E0F3 /* Debug */,
				E8B8CB872442E0730060E0F3 /* Release */,
			);
			defaultConfigurationIsVisible = 0;
			defaultConfigurationName = Release;
		};
		E8B8CB882442E0730060E0F3 /* Build configuration list for PBXNativeTarget "CommonDataModelsKit-iOS" */ = {
			isa = XCConfigurationList;
			buildConfigurations = (
				E8B8CB892442E0730060E0F3 /* Debug */,
				E8B8CB8A2442E0730060E0F3 /* Release */,
			);
			defaultConfigurationIsVisible = 0;
			defaultConfigurationName = Release;
		};
/* End XCConfigurationList section */
	};
	rootObject = E8B8CB772442E0730060E0F3 /* Project object */;
}
