// !$*UTF8*$!
{
	archiveVersion = 1;
	classes = {
	};
	objectVersion = 50;
	objects = {

/* Begin PBXBuildFile section */
		E8B8CB672442DBD90060E0F3 /* TapCommonDataModelsKits.h in Headers */ = {isa = PBXBuildFile; fileRef = E8B8CB652442DBD90060E0F3 /* TapCommonDataModelsKits.h */; settings = {ATTRIBUTES = (Public, ); }; };
		E8B8CB712442DC760060E0F3 /* TapCountryCode.swift in Sources */ = {isa = PBXBuildFile; fileRef = E8B8CB702442DC760060E0F3 /* TapCountryCode.swift */; };
		E8B8CB732442DEA30060E0F3 /* TapCurrencyCode.swift in Sources */ = {isa = PBXBuildFile; fileRef = E8B8CB722442DEA30060E0F3 /* TapCurrencyCode.swift */; };
		E8B8CB752442DF900060E0F3 /* ScannedTapCard.swift in Sources */ = {isa = PBXBuildFile; fileRef = E8B8CB742442DF900060E0F3 /* ScannedTapCard.swift */; };
/* End PBXBuildFile section */

/* Begin PBXFileReference section */
		E8B8CB622442DBD90060E0F3 /* TapCommonDataModelsKits.framework */ = {isa = PBXFileReference; explicitFileType = wrapper.framework; includeInIndex = 0; path = TapCommonDataModelsKits.framework; sourceTree = BUILT_PRODUCTS_DIR; };
		E8B8CB652442DBD90060E0F3 /* TapCommonDataModelsKits.h */ = {isa = PBXFileReference; lastKnownFileType = sourcecode.c.h; path = TapCommonDataModelsKits.h; sourceTree = "<group>"; };
		E8B8CB662442DBD90060E0F3 /* Info.plist */ = {isa = PBXFileReference; lastKnownFileType = text.plist.xml; path = Info.plist; sourceTree = "<group>"; };
		E8B8CB702442DC760060E0F3 /* TapCountryCode.swift */ = {isa = PBXFileReference; lastKnownFileType = sourcecode.swift; path = TapCountryCode.swift; sourceTree = "<group>"; };
		E8B8CB722442DEA30060E0F3 /* TapCurrencyCode.swift */ = {isa = PBXFileReference; lastKnownFileType = sourcecode.swift; path = TapCurrencyCode.swift; sourceTree = "<group>"; };
		E8B8CB742442DF900060E0F3 /* ScannedTapCard.swift */ = {isa = PBXFileReference; lastKnownFileType = sourcecode.swift; path = ScannedTapCard.swift; sourceTree = "<group>"; };
/* End PBXFileReference section */

/* Begin PBXFrameworksBuildPhase section */
		E8B8CB5F2442DBD90060E0F3 /* Frameworks */ = {
			isa = PBXFrameworksBuildPhase;
			buildActionMask = 2147483647;
			files = (
			);
			runOnlyForDeploymentPostprocessing = 0;
		};
/* End PBXFrameworksBuildPhase section */

/* Begin PBXGroup section */
		E8B8CB582442DBD90060E0F3 = {
			isa = PBXGroup;
			children = (
				E8B8CB642442DBD90060E0F3 /* TapCommonDataModelsKits */,
				E8B8CB632442DBD90060E0F3 /* Products */,
			);
			sourceTree = "<group>";
		};
		E8B8CB632442DBD90060E0F3 /* Products */ = {
			isa = PBXGroup;
			children = (
				E8B8CB622442DBD90060E0F3 /* TapCommonDataModelsKits.framework */,
			);
			name = Products;
			sourceTree = "<group>";
		};
		E8B8CB642442DBD90060E0F3 /* TapCommonDataModelsKits */ = {
			isa = PBXGroup;
			children = (
				E8B8CB6D2442DBF50060E0F3 /* Core */,
				E8B8CB652442DBD90060E0F3 /* TapCommonDataModelsKits.h */,
				E8B8CB662442DBD90060E0F3 /* Info.plist */,
			);
			path = TapCommonDataModelsKits;
			sourceTree = "<group>";
		};
		E8B8CB6D2442DBF50060E0F3 /* Core */ = {
			isa = PBXGroup;
			children = (
				E8B8CB6F2442DC060060E0F3 /* models */,
				E8B8CB6E2442DBFF0060E0F3 /* enums */,
			);
			path = Core;
			sourceTree = "<group>";
		};
		E8B8CB6E2442DBFF0060E0F3 /* enums */ = {
			isa = PBXGroup;
			children = (
				E8B8CB702442DC760060E0F3 /* TapCountryCode.swift */,
				E8B8CB722442DEA30060E0F3 /* TapCurrencyCode.swift */,
			);
			path = enums;
			sourceTree = "<group>";
		};
		E8B8CB6F2442DC060060E0F3 /* models */ = {
			isa = PBXGroup;
			children = (
				E8B8CB742442DF900060E0F3 /* ScannedTapCard.swift */,
			);
			path = models;
			sourceTree = "<group>";
		};
/* End PBXGroup section */

/* Begin PBXHeadersBuildPhase section */
		E8B8CB5D2442DBD90060E0F3 /* Headers */ = {
			isa = PBXHeadersBuildPhase;
			buildActionMask = 2147483647;
			files = (
				E8B8CB672442DBD90060E0F3 /* TapCommonDataModelsKits.h in Headers */,
			);
			runOnlyForDeploymentPostprocessing = 0;
		};
/* End PBXHeadersBuildPhase section */

/* Begin PBXNativeTarget section */
		E8B8CB612442DBD90060E0F3 /* TapCommonDataModelsKits */ = {
			isa = PBXNativeTarget;
			buildConfigurationList = E8B8CB6A2442DBD90060E0F3 /* Build configuration list for PBXNativeTarget "TapCommonDataModelsKits" */;
			buildPhases = (
				E8B8CB5D2442DBD90060E0F3 /* Headers */,
				E8B8CB5E2442DBD90060E0F3 /* Sources */,
				E8B8CB5F2442DBD90060E0F3 /* Frameworks */,
				E8B8CB602442DBD90060E0F3 /* Resources */,
			);
			buildRules = (
			);
			dependencies = (
			);
			name = TapCommonDataModelsKits;
			productName = TapCommonDataModelsKits;
			productReference = E8B8CB622442DBD90060E0F3 /* TapCommonDataModelsKits.framework */;
			productType = "com.apple.product-type.framework";
		};
/* End PBXNativeTarget section */

/* Begin PBXProject section */
		E8B8CB592442DBD90060E0F3 /* Project object */ = {
			isa = PBXProject;
			attributes = {
				LastUpgradeCheck = 1120;
				ORGANIZATIONNAME = "Tap Payments";
				TargetAttributes = {
					E8B8CB612442DBD90060E0F3 = {
						CreatedOnToolsVersion = 11.2.1;
						LastSwiftMigration = 1120;
					};
				};
			};
			buildConfigurationList = E8B8CB5C2442DBD90060E0F3 /* Build configuration list for PBXProject "TapCommonDataModelsKits" */;
			compatibilityVersion = "Xcode 9.3";
			developmentRegion = en;
			hasScannedForEncodings = 0;
			knownRegions = (
				en,
				Base,
			);
			mainGroup = E8B8CB582442DBD90060E0F3;
			productRefGroup = E8B8CB632442DBD90060E0F3 /* Products */;
			projectDirPath = "";
			projectRoot = "";
			targets = (
				E8B8CB612442DBD90060E0F3 /* TapCommonDataModelsKits */,
			);
		};
/* End PBXProject section */

/* Begin PBXResourcesBuildPhase section */
		E8B8CB602442DBD90060E0F3 /* Resources */ = {
			isa = PBXResourcesBuildPhase;
			buildActionMask = 2147483647;
			files = (
			);
			runOnlyForDeploymentPostprocessing = 0;
		};
/* End PBXResourcesBuildPhase section */

/* Begin PBXSourcesBuildPhase section */
		E8B8CB5E2442DBD90060E0F3 /* Sources */ = {
			isa = PBXSourcesBuildPhase;
			buildActionMask = 2147483647;
			files = (
				E8B8CB752442DF900060E0F3 /* ScannedTapCard.swift in Sources */,
				E8B8CB712442DC760060E0F3 /* TapCountryCode.swift in Sources */,
				E8B8CB732442DEA30060E0F3 /* TapCurrencyCode.swift in Sources */,
			);
			runOnlyForDeploymentPostprocessing = 0;
		};
/* End PBXSourcesBuildPhase section */

/* Begin XCBuildConfiguration section */
		E8B8CB682442DBD90060E0F3 /* Debug */ = {
			isa = XCBuildConfiguration;
			buildSettings = {
				ALWAYS_SEARCH_USER_PATHS = NO;
				CLANG_ANALYZER_NONNULL = YES;
				CLANG_ANALYZER_NUMBER_OBJECT_CONVERSION = YES_AGGRESSIVE;
				CLANG_CXX_LANGUAGE_STANDARD = "gnu++14";
				CLANG_CXX_LIBRARY = "libc++";
				CLANG_ENABLE_MODULES = YES;
				CLANG_ENABLE_OBJC_ARC = YES;
				CLANG_ENABLE_OBJC_WEAK = YES;
				CLANG_WARN_BLOCK_CAPTURE_AUTORELEASING = YES;
				CLANG_WARN_BOOL_CONVERSION = YES;
				CLANG_WARN_COMMA = YES;
				CLANG_WARN_CONSTANT_CONVERSION = YES;
				CLANG_WARN_DEPRECATED_OBJC_IMPLEMENTATIONS = YES;
				CLANG_WARN_DIRECT_OBJC_ISA_USAGE = YES_ERROR;
				CLANG_WARN_DOCUMENTATION_COMMENTS = YES;
				CLANG_WARN_EMPTY_BODY = YES;
				CLANG_WARN_ENUM_CONVERSION = YES;
				CLANG_WARN_INFINITE_RECURSION = YES;
				CLANG_WARN_INT_CONVERSION = YES;
				CLANG_WARN_NON_LITERAL_NULL_CONVERSION = YES;
				CLANG_WARN_OBJC_IMPLICIT_RETAIN_SELF = YES;
				CLANG_WARN_OBJC_LITERAL_CONVERSION = YES;
				CLANG_WARN_OBJC_ROOT_CLASS = YES_ERROR;
				CLANG_WARN_RANGE_LOOP_ANALYSIS = YES;
				CLANG_WARN_STRICT_PROTOTYPES = YES;
				CLANG_WARN_SUSPICIOUS_MOVE = YES;
				CLANG_WARN_UNGUARDED_AVAILABILITY = YES_AGGRESSIVE;
				CLANG_WARN_UNREACHABLE_CODE = YES;
				CLANG_WARN__DUPLICATE_METHOD_MATCH = YES;
				COPY_PHASE_STRIP = NO;
				CURRENT_PROJECT_VERSION = 1;
				DEBUG_INFORMATION_FORMAT = dwarf;
				ENABLE_STRICT_OBJC_MSGSEND = YES;
				ENABLE_TESTABILITY = YES;
				GCC_C_LANGUAGE_STANDARD = gnu11;
				GCC_DYNAMIC_NO_PIC = NO;
				GCC_NO_COMMON_BLOCKS = YES;
				GCC_OPTIMIZATION_LEVEL = 0;
				GCC_PREPROCESSOR_DEFINITIONS = (
					"DEBUG=1",
					"$(inherited)",
				);
				GCC_WARN_64_TO_32_BIT_CONVERSION = YES;
				GCC_WARN_ABOUT_RETURN_TYPE = YES_ERROR;
				GCC_WARN_UNDECLARED_SELECTOR = YES;
				GCC_WARN_UNINITIALIZED_AUTOS = YES_AGGRESSIVE;
				GCC_WARN_UNUSED_FUNCTION = YES;
				GCC_WARN_UNUSED_VARIABLE = YES;
				IPHONEOS_DEPLOYMENT_TARGET = 12.0;
				MTL_ENABLE_DEBUG_INFO = INCLUDE_SOURCE;
				MTL_FAST_MATH = YES;
				ONLY_ACTIVE_ARCH = YES;
				SDKROOT = iphoneos;
				SWIFT_ACTIVE_COMPILATION_CONDITIONS = DEBUG;
				SWIFT_OPTIMIZATION_LEVEL = "-Onone";
				VERSIONING_SYSTEM = "apple-generic";
				VERSION_INFO_PREFIX = "";
			};
			name = Debug;
		};
		E8B8CB692442DBD90060E0F3 /* Release */ = {
			isa = XCBuildConfiguration;
			buildSettings = {
				ALWAYS_SEARCH_USER_PATHS = NO;
				CLANG_ANALYZER_NONNULL = YES;
				CLANG_ANALYZER_NUMBER_OBJECT_CONVERSION = YES_AGGRESSIVE;
				CLANG_CXX_LANGUAGE_STANDARD = "gnu++14";
				CLANG_CXX_LIBRARY = "libc++";
				CLANG_ENABLE_MODULES = YES;
				CLANG_ENABLE_OBJC_ARC = YES;
				CLANG_ENABLE_OBJC_WEAK = YES;
				CLANG_WARN_BLOCK_CAPTURE_AUTORELEASING = YES;
				CLANG_WARN_BOOL_CONVERSION = YES;
				CLANG_WARN_COMMA = YES;
				CLANG_WARN_CONSTANT_CONVERSION = YES;
				CLANG_WARN_DEPRECATED_OBJC_IMPLEMENTATIONS = YES;
				CLANG_WARN_DIRECT_OBJC_ISA_USAGE = YES_ERROR;
				CLANG_WARN_DOCUMENTATION_COMMENTS = YES;
				CLANG_WARN_EMPTY_BODY = YES;
				CLANG_WARN_ENUM_CONVERSION = YES;
				CLANG_WARN_INFINITE_RECURSION = YES;
				CLANG_WARN_INT_CONVERSION = YES;
				CLANG_WARN_NON_LITERAL_NULL_CONVERSION = YES;
				CLANG_WARN_OBJC_IMPLICIT_RETAIN_SELF = YES;
				CLANG_WARN_OBJC_LITERAL_CONVERSION = YES;
				CLANG_WARN_OBJC_ROOT_CLASS = YES_ERROR;
				CLANG_WARN_RANGE_LOOP_ANALYSIS = YES;
				CLANG_WARN_STRICT_PROTOTYPES = YES;
				CLANG_WARN_SUSPICIOUS_MOVE = YES;
				CLANG_WARN_UNGUARDED_AVAILABILITY = YES_AGGRESSIVE;
				CLANG_WARN_UNREACHABLE_CODE = YES;
				CLANG_WARN__DUPLICATE_METHOD_MATCH = YES;
				COPY_PHASE_STRIP = NO;
				CURRENT_PROJECT_VERSION = 1;
				DEBUG_INFORMATION_FORMAT = "dwarf-with-dsym";
				ENABLE_NS_ASSERTIONS = NO;
				ENABLE_STRICT_OBJC_MSGSEND = YES;
				GCC_C_LANGUAGE_STANDARD = gnu11;
				GCC_NO_COMMON_BLOCKS = YES;
				GCC_WARN_64_TO_32_BIT_CONVERSION = YES;
				GCC_WARN_ABOUT_RETURN_TYPE = YES_ERROR;
				GCC_WARN_UNDECLARED_SELECTOR = YES;
				GCC_WARN_UNINITIALIZED_AUTOS = YES_AGGRESSIVE;
				GCC_WARN_UNUSED_FUNCTION = YES;
				GCC_WARN_UNUSED_VARIABLE = YES;
				IPHONEOS_DEPLOYMENT_TARGET = 12.0;
				MTL_ENABLE_DEBUG_INFO = NO;
				MTL_FAST_MATH = YES;
				SDKROOT = iphoneos;
				SWIFT_COMPILATION_MODE = wholemodule;
				SWIFT_OPTIMIZATION_LEVEL = "-O";
				VALIDATE_PRODUCT = YES;
				VERSIONING_SYSTEM = "apple-generic";
				VERSION_INFO_PREFIX = "";
			};
			name = Release;
		};
		E8B8CB6B2442DBD90060E0F3 /* Debug */ = {
			isa = XCBuildConfiguration;
			buildSettings = {
				CLANG_ENABLE_MODULES = YES;
				CODE_SIGN_STYLE = Automatic;
				DEFINES_MODULE = YES;
				DEVELOPMENT_TEAM = G46S76PUH4;
				DYLIB_COMPATIBILITY_VERSION = 1;
				DYLIB_CURRENT_VERSION = 1;
				DYLIB_INSTALL_NAME_BASE = "@rpath";
				INFOPLIST_FILE = TapCommonDataModelsKits/Info.plist;
				INSTALL_PATH = "$(LOCAL_LIBRARY_DIR)/Frameworks";
				IPHONEOS_DEPLOYMENT_TARGET = 12.0;
				LD_RUNPATH_SEARCH_PATHS = (
					"$(inherited)",
					"@executable_path/Frameworks",
					"@loader_path/Frameworks",
				);
				PRODUCT_BUNDLE_IDENTIFIER = company.tap.TapCommonDataModelsKits;
				PRODUCT_NAME = "$(TARGET_NAME:c99extidentifier)";
				SKIP_INSTALL = YES;
				SWIFT_OPTIMIZATION_LEVEL = "-Onone";
				SWIFT_VERSION = 5.0;
				TARGETED_DEVICE_FAMILY = "1,2";
			};
			name = Debug;
		};
		E8B8CB6C2442DBD90060E0F3 /* Release */ = {
			isa = XCBuildConfiguration;
			buildSettings = {
				CLANG_ENABLE_MODULES = YES;
				CODE_SIGN_STYLE = Automatic;
				DEFINES_MODULE = YES;
				DEVELOPMENT_TEAM = G46S76PUH4;
				DYLIB_COMPATIBILITY_VERSION = 1;
				DYLIB_CURRENT_VERSION = 1;
				DYLIB_INSTALL_NAME_BASE = "@rpath";
				INFOPLIST_FILE = TapCommonDataModelsKits/Info.plist;
				INSTALL_PATH = "$(LOCAL_LIBRARY_DIR)/Frameworks";
				IPHONEOS_DEPLOYMENT_TARGET = 12.0;
				LD_RUNPATH_SEARCH_PATHS = (
					"$(inherited)",
					"@executable_path/Frameworks",
					"@loader_path/Frameworks",
				);
				PRODUCT_BUNDLE_IDENTIFIER = company.tap.TapCommonDataModelsKits;
				PRODUCT_NAME = "$(TARGET_NAME:c99extidentifier)";
				SKIP_INSTALL = YES;
				SWIFT_VERSION = 5.0;
				TARGETED_DEVICE_FAMILY = "1,2";
			};
			name = Release;
		};
/* End XCBuildConfiguration section */

/* Begin XCConfigurationList section */
		E8B8CB5C2442DBD90060E0F3 /* Build configuration list for PBXProject "TapCommonDataModelsKits" */ = {
			isa = XCConfigurationList;
			buildConfigurations = (
				E8B8CB682442DBD90060E0F3 /* Debug */,
				E8B8CB692442DBD90060E0F3 /* Release */,
			);
			defaultConfigurationIsVisible = 0;
			defaultConfigurationName = Release;
		};
		E8B8CB6A2442DBD90060E0F3 /* Build configuration list for PBXNativeTarget "TapCommonDataModelsKits" */ = {
			isa = XCConfigurationList;
			buildConfigurations = (
				E8B8CB6B2442DBD90060E0F3 /* Debug */,
				E8B8CB6C2442DBD90060E0F3 /* Release */,
			);
			defaultConfigurationIsVisible = 0;
			defaultConfigurationName = Release;
		};
/* End XCConfigurationList section */
	};
	rootObject = E8B8CB592442DBD90060E0F3 /* Project object */;
}
